{
  "version": 4,
  "terraform_version": "1.0.4",
  "serial": 55,
  "lineage": "24851239-d0bc-4f57-8f0b-2c350e66575a",
  "outputs": {
    "boot_volume_ids": {
      "value": [
        [
          "ocid1.bootvolume.oc1.phx.abyhqljrxhuuhksuxvqvq4zblxey5zc5646fvpfbdq3q5igwjqckzbpfasda",
          "ocid1.bootvolume.oc1.phx.abyhqljr2zzxchgl6pc4cq74vakponlg3n7pdzet2fljxnvs3hfy4iukq2sa",
          "ocid1.bootvolume.oc1.phx.abyhqljr3llnz75tcgi4is37lrkkhnyugve74u3pdxhgugw6endpt476ztda"
        ]
      ],
      "type": [
        "tuple",
        [
          [
            "tuple",
            [
              "string",
              "string",
              "string"
            ]
          ]
        ]
      ]
    },
    "instance_devices": {
      "value": [
        [
          [
            {
              "is_available": false,
              "name": "/dev/oracleoci/oraclevdb"
            },
            {
              "is_available": true,
              "name": "/dev/oracleoci/oraclevdc"
            },
            {
              "is_available": true,
              "name": "/dev/oracleoci/oraclevdd"
            },
            {
              "is_available": true,
              "name": "/dev/oracleoci/oraclevde"
            },
            {
              "is_available": true,
              "name": "/dev/oracleoci/oraclevdf"
            },
            {
              "is_available": true,
              "name": "/dev/oracleoci/oraclevdg"
            },
            {
              "is_available": true,
              "name": "/dev/oracleoci/oraclevdh"
            },
            {
              "is_available": true,
              "name": "/dev/oracleoci/oraclevdi"
            },
            {
              "is_available": true,
              "name": "/dev/oracleoci/oraclevdj"
            },
            {
              "is_available": true,
              "name": "/dev/oracleoci/oraclevdk"
            },
            {
              "is_available": true,
              "name": "/dev/oracleoci/oraclevdl"
            },
            {
              "is_available": true,
              "name": "/dev/oracleoci/oraclevdm"
            },
            {
              "is_available": true,
              "name": "/dev/oracleoci/oraclevdn"
            },
            {
              "is_available": true,
              "name": "/dev/oracleoci/oraclevdo"
            },
            {
              "is_available": true,
              "name": "/dev/oracleoci/oraclevdp"
            },
            {
              "is_available": true,
              "name": "/dev/oracleoci/oraclevdq"
            },
            {
              "is_available": true,
              "name": "/dev/oracleoci/oraclevdr"
            },
            {
              "is_available": true,
              "name": "/dev/oracleoci/oraclevds"
            },
            {
              "is_available": true,
              "name": "/dev/oracleoci/oraclevdt"
            },
            {
              "is_available": true,
              "name": "/dev/oracleoci/oraclevdu"
            },
            {
              "is_available": true,
              "name": "/dev/oracleoci/oraclevdv"
            },
            {
              "is_available": true,
              "name": "/dev/oracleoci/oraclevdw"
            },
            {
              "is_available": true,
              "name": "/dev/oracleoci/oraclevdx"
            },
            {
              "is_available": true,
              "name": "/dev/oracleoci/oraclevdy"
            },
            {
              "is_available": true,
              "name": "/dev/oracleoci/oraclevdz"
            },
            {
              "is_available": true,
              "name": "/dev/oracleoci/oraclevdaa"
            },
            {
              "is_available": true,
              "name": "/dev/oracleoci/oraclevdab"
            },
            {
              "is_available": true,
              "name": "/dev/oracleoci/oraclevdac"
            },
            {
              "is_available": true,
              "name": "/dev/oracleoci/oraclevdad"
            },
            {
              "is_available": true,
              "name": "/dev/oracleoci/oraclevdae"
            },
            {
              "is_available": true,
              "name": "/dev/oracleoci/oraclevdaf"
            },
            {
              "is_available": true,
              "name": "/dev/oracleoci/oraclevdag"
            }
          ],
          [
            {
              "is_available": true,
              "name": "/dev/oracleoci/oraclevdb"
            },
            {
              "is_available": true,
              "name": "/dev/oracleoci/oraclevdc"
            },
            {
              "is_available": true,
              "name": "/dev/oracleoci/oraclevdd"
            },
            {
              "is_available": true,
              "name": "/dev/oracleoci/oraclevde"
            },
            {
              "is_available": true,
              "name": "/dev/oracleoci/oraclevdf"
            },
            {
              "is_available": true,
              "name": "/dev/oracleoci/oraclevdg"
            },
            {
              "is_available": true,
              "name": "/dev/oracleoci/oraclevdh"
            },
            {
              "is_available": true,
              "name": "/dev/oracleoci/oraclevdi"
            },
            {
              "is_available": true,
              "name": "/dev/oracleoci/oraclevdj"
            },
            {
              "is_available": true,
              "name": "/dev/oracleoci/oraclevdk"
            },
            {
              "is_available": true,
              "name": "/dev/oracleoci/oraclevdl"
            },
            {
              "is_available": true,
              "name": "/dev/oracleoci/oraclevdm"
            },
            {
              "is_available": true,
              "name": "/dev/oracleoci/oraclevdn"
            },
            {
              "is_available": true,
              "name": "/dev/oracleoci/oraclevdo"
            },
            {
              "is_available": true,
              "name": "/dev/oracleoci/oraclevdp"
            },
            {
              "is_available": true,
              "name": "/dev/oracleoci/oraclevdq"
            },
            {
              "is_available": true,
              "name": "/dev/oracleoci/oraclevdr"
            },
            {
              "is_available": true,
              "name": "/dev/oracleoci/oraclevds"
            },
            {
              "is_available": true,
              "name": "/dev/oracleoci/oraclevdt"
            },
            {
              "is_available": true,
              "name": "/dev/oracleoci/oraclevdu"
            },
            {
              "is_available": true,
              "name": "/dev/oracleoci/oraclevdv"
            },
            {
              "is_available": true,
              "name": "/dev/oracleoci/oraclevdw"
            },
            {
              "is_available": true,
              "name": "/dev/oracleoci/oraclevdx"
            },
            {
              "is_available": true,
              "name": "/dev/oracleoci/oraclevdy"
            },
            {
              "is_available": true,
              "name": "/dev/oracleoci/oraclevdz"
            },
            {
              "is_available": true,
              "name": "/dev/oracleoci/oraclevdaa"
            },
            {
              "is_available": true,
              "name": "/dev/oracleoci/oraclevdab"
            },
            {
              "is_available": true,
              "name": "/dev/oracleoci/oraclevdac"
            },
            {
              "is_available": true,
              "name": "/dev/oracleoci/oraclevdad"
            },
            {
              "is_available": true,
              "name": "/dev/oracleoci/oraclevdae"
            },
            {
              "is_available": true,
              "name": "/dev/oracleoci/oraclevdaf"
            },
            {
              "is_available": true,
              "name": "/dev/oracleoci/oraclevdag"
            }
          ],
          [
            {
              "is_available": true,
              "name": "/dev/oracleoci/oraclevdb"
            },
            {
              "is_available": true,
              "name": "/dev/oracleoci/oraclevdc"
            },
            {
              "is_available": true,
              "name": "/dev/oracleoci/oraclevdd"
            },
            {
              "is_available": true,
              "name": "/dev/oracleoci/oraclevde"
            },
            {
              "is_available": true,
              "name": "/dev/oracleoci/oraclevdf"
            },
            {
              "is_available": true,
              "name": "/dev/oracleoci/oraclevdg"
            },
            {
              "is_available": true,
              "name": "/dev/oracleoci/oraclevdh"
            },
            {
              "is_available": true,
              "name": "/dev/oracleoci/oraclevdi"
            },
            {
              "is_available": true,
              "name": "/dev/oracleoci/oraclevdj"
            },
            {
              "is_available": true,
              "name": "/dev/oracleoci/oraclevdk"
            },
            {
              "is_available": true,
              "name": "/dev/oracleoci/oraclevdl"
            },
            {
              "is_available": true,
              "name": "/dev/oracleoci/oraclevdm"
            },
            {
              "is_available": true,
              "name": "/dev/oracleoci/oraclevdn"
            },
            {
              "is_available": true,
              "name": "/dev/oracleoci/oraclevdo"
            },
            {
              "is_available": true,
              "name": "/dev/oracleoci/oraclevdp"
            },
            {
              "is_available": true,
              "name": "/dev/oracleoci/oraclevdq"
            },
            {
              "is_available": true,
              "name": "/dev/oracleoci/oraclevdr"
            },
            {
              "is_available": true,
              "name": "/dev/oracleoci/oraclevds"
            },
            {
              "is_available": true,
              "name": "/dev/oracleoci/oraclevdt"
            },
            {
              "is_available": true,
              "name": "/dev/oracleoci/oraclevdu"
            },
            {
              "is_available": true,
              "name": "/dev/oracleoci/oraclevdv"
            },
            {
              "is_available": true,
              "name": "/dev/oracleoci/oraclevdw"
            },
            {
              "is_available": true,
              "name": "/dev/oracleoci/oraclevdx"
            },
            {
              "is_available": true,
              "name": "/dev/oracleoci/oraclevdy"
            },
            {
              "is_available": true,
              "name": "/dev/oracleoci/oraclevdz"
            },
            {
              "is_available": true,
              "name": "/dev/oracleoci/oraclevdaa"
            },
            {
              "is_available": true,
              "name": "/dev/oracleoci/oraclevdab"
            },
            {
              "is_available": true,
              "name": "/dev/oracleoci/oraclevdac"
            },
            {
              "is_available": true,
              "name": "/dev/oracleoci/oraclevdad"
            },
            {
              "is_available": true,
              "name": "/dev/oracleoci/oraclevdae"
            },
            {
              "is_available": true,
              "name": "/dev/oracleoci/oraclevdaf"
            },
            {
              "is_available": true,
              "name": "/dev/oracleoci/oraclevdag"
            }
          ]
        ]
      ],
      "type": [
        "tuple",
        [
          [
            "tuple",
            [
              [
                "list",
                [
                  "object",
                  {
                    "is_available": "bool",
                    "name": "string"
                  }
                ]
              ],
              [
                "list",
                [
                  "object",
                  {
                    "is_available": "bool",
                    "name": "string"
                  }
                ]
              ],
              [
                "list",
                [
                  "object",
                  {
                    "is_available": "bool",
                    "name": "string"
                  }
                ]
              ]
            ]
          ]
        ]
      ]
    },
    "instance_private_ips": {
      "value": [
        [
          "10.1.20.162",
          "10.1.20.152",
          "10.1.20.99"
        ]
      ],
      "type": [
        "tuple",
        [
          [
            "tuple",
            [
              "string",
              "string",
              "string"
            ]
          ]
        ]
      ]
    },
    "instance_public_ips": {
      "value": [
        [
          "158.101.16.221",
          "129.146.109.248",
          "129.146.64.185"
        ]
      ],
      "type": [
        "tuple",
        [
          [
            "tuple",
            [
              "string",
              "string",
              "string"
            ]
          ]
        ]
      ]
    },
    "silver_policy_id": {
      "value": "ocid1.volumebackuppolicy.oc1..aaaaaaaa7hwv7iscewqqcmyqe2zuzfce6setvckhbxduswtxf6ctew7e54ja",
      "type": "string"
    }
  },
  "resources": [
    {
      "mode": "data",
      "type": "oci_core_instance_devices",
      "name": "test_instance_devices",
      "provider": "provider[\"registry.terraform.io/hashicorp/oci\"]",
      "instances": [
        {
          "index_key": 0,
          "schema_version": 0,
          "attributes": {
            "devices": [
              {
                "is_available": false,
                "name": "/dev/oracleoci/oraclevdb"
              },
              {
                "is_available": true,
                "name": "/dev/oracleoci/oraclevdc"
              },
              {
                "is_available": true,
                "name": "/dev/oracleoci/oraclevdd"
              },
              {
                "is_available": true,
                "name": "/dev/oracleoci/oraclevde"
              },
              {
                "is_available": true,
                "name": "/dev/oracleoci/oraclevdf"
              },
              {
                "is_available": true,
                "name": "/dev/oracleoci/oraclevdg"
              },
              {
                "is_available": true,
                "name": "/dev/oracleoci/oraclevdh"
              },
              {
                "is_available": true,
                "name": "/dev/oracleoci/oraclevdi"
              },
              {
                "is_available": true,
                "name": "/dev/oracleoci/oraclevdj"
              },
              {
                "is_available": true,
                "name": "/dev/oracleoci/oraclevdk"
              },
              {
                "is_available": true,
                "name": "/dev/oracleoci/oraclevdl"
              },
              {
                "is_available": true,
                "name": "/dev/oracleoci/oraclevdm"
              },
              {
                "is_available": true,
                "name": "/dev/oracleoci/oraclevdn"
              },
              {
                "is_available": true,
                "name": "/dev/oracleoci/oraclevdo"
              },
              {
                "is_available": true,
                "name": "/dev/oracleoci/oraclevdp"
              },
              {
                "is_available": true,
                "name": "/dev/oracleoci/oraclevdq"
              },
              {
                "is_available": true,
                "name": "/dev/oracleoci/oraclevdr"
              },
              {
                "is_available": true,
                "name": "/dev/oracleoci/oraclevds"
              },
              {
                "is_available": true,
                "name": "/dev/oracleoci/oraclevdt"
              },
              {
                "is_available": true,
                "name": "/dev/oracleoci/oraclevdu"
              },
              {
                "is_available": true,
                "name": "/dev/oracleoci/oraclevdv"
              },
              {
                "is_available": true,
                "name": "/dev/oracleoci/oraclevdw"
              },
              {
                "is_available": true,
                "name": "/dev/oracleoci/oraclevdx"
              },
              {
                "is_available": true,
                "name": "/dev/oracleoci/oraclevdy"
              },
              {
                "is_available": true,
                "name": "/dev/oracleoci/oraclevdz"
              },
              {
                "is_available": true,
                "name": "/dev/oracleoci/oraclevdaa"
              },
              {
                "is_available": true,
                "name": "/dev/oracleoci/oraclevdab"
              },
              {
                "is_available": true,
                "name": "/dev/oracleoci/oraclevdac"
              },
              {
                "is_available": true,
                "name": "/dev/oracleoci/oraclevdad"
              },
              {
                "is_available": true,
                "name": "/dev/oracleoci/oraclevdae"
              },
              {
                "is_available": true,
                "name": "/dev/oracleoci/oraclevdaf"
              },
              {
                "is_available": true,
                "name": "/dev/oracleoci/oraclevdag"
              }
            ],
            "filter": null,
            "id": "CoreInstanceDevicesDataSource-283569444",
            "instance_id": "ocid1.instance.oc1.phx.anyhqljr7rhxvoackg2mgtzexoufoal5cq5gj2r3rj7fbfmnqg42v2qojgdq",
            "is_available": null,
            "name": null
          },
          "sensitive_attributes": []
        },
        {
          "index_key": 1,
          "schema_version": 0,
          "attributes": {
            "devices": [
              {
                "is_available": true,
                "name": "/dev/oracleoci/oraclevdb"
              },
              {
                "is_available": true,
                "name": "/dev/oracleoci/oraclevdc"
              },
              {
                "is_available": true,
                "name": "/dev/oracleoci/oraclevdd"
              },
              {
                "is_available": true,
                "name": "/dev/oracleoci/oraclevde"
              },
              {
                "is_available": true,
                "name": "/dev/oracleoci/oraclevdf"
              },
              {
                "is_available": true,
                "name": "/dev/oracleoci/oraclevdg"
              },
              {
                "is_available": true,
                "name": "/dev/oracleoci/oraclevdh"
              },
              {
                "is_available": true,
                "name": "/dev/oracleoci/oraclevdi"
              },
              {
                "is_available": true,
                "name": "/dev/oracleoci/oraclevdj"
              },
              {
                "is_available": true,
                "name": "/dev/oracleoci/oraclevdk"
              },
              {
                "is_available": true,
                "name": "/dev/oracleoci/oraclevdl"
              },
              {
                "is_available": true,
                "name": "/dev/oracleoci/oraclevdm"
              },
              {
                "is_available": true,
                "name": "/dev/oracleoci/oraclevdn"
              },
              {
                "is_available": true,
                "name": "/dev/oracleoci/oraclevdo"
              },
              {
                "is_available": true,
                "name": "/dev/oracleoci/oraclevdp"
              },
              {
                "is_available": true,
                "name": "/dev/oracleoci/oraclevdq"
              },
              {
                "is_available": true,
                "name": "/dev/oracleoci/oraclevdr"
              },
              {
                "is_available": true,
                "name": "/dev/oracleoci/oraclevds"
              },
              {
                "is_available": true,
                "name": "/dev/oracleoci/oraclevdt"
              },
              {
                "is_available": true,
                "name": "/dev/oracleoci/oraclevdu"
              },
              {
                "is_available": true,
                "name": "/dev/oracleoci/oraclevdv"
              },
              {
                "is_available": true,
                "name": "/dev/oracleoci/oraclevdw"
              },
              {
                "is_available": true,
                "name": "/dev/oracleoci/oraclevdx"
              },
              {
                "is_available": true,
                "name": "/dev/oracleoci/oraclevdy"
              },
              {
                "is_available": true,
                "name": "/dev/oracleoci/oraclevdz"
              },
              {
                "is_available": true,
                "name": "/dev/oracleoci/oraclevdaa"
              },
              {
                "is_available": true,
                "name": "/dev/oracleoci/oraclevdab"
              },
              {
                "is_available": true,
                "name": "/dev/oracleoci/oraclevdac"
              },
              {
                "is_available": true,
                "name": "/dev/oracleoci/oraclevdad"
              },
              {
                "is_available": true,
                "name": "/dev/oracleoci/oraclevdae"
              },
              {
                "is_available": true,
                "name": "/dev/oracleoci/oraclevdaf"
              },
              {
                "is_available": true,
                "name": "/dev/oracleoci/oraclevdag"
              }
            ],
            "filter": null,
            "id": "CoreInstanceDevicesDataSource-2303298268",
            "instance_id": "ocid1.instance.oc1.phx.anyhqljr7rhxvoacldtjcbxux353ozggskksc6d6hhz7lqaftgzxwded7pqq",
            "is_available": null,
            "name": null
          },
          "sensitive_attributes": []
        },
        {
          "index_key": 2,
          "schema_version": 0,
          "attributes": {
            "devices": [
              {
                "is_available": true,
                "name": "/dev/oracleoci/oraclevdb"
              },
              {
                "is_available": true,
                "name": "/dev/oracleoci/oraclevdc"
              },
              {
                "is_available": true,
                "name": "/dev/oracleoci/oraclevdd"
              },
              {
                "is_available": true,
                "name": "/dev/oracleoci/oraclevde"
              },
              {
                "is_available": true,
                "name": "/dev/oracleoci/oraclevdf"
              },
              {
                "is_available": true,
                "name": "/dev/oracleoci/oraclevdg"
              },
              {
                "is_available": true,
                "name": "/dev/oracleoci/oraclevdh"
              },
              {
                "is_available": true,
                "name": "/dev/oracleoci/oraclevdi"
              },
              {
                "is_available": true,
                "name": "/dev/oracleoci/oraclevdj"
              },
              {
                "is_available": true,
                "name": "/dev/oracleoci/oraclevdk"
              },
              {
                "is_available": true,
                "name": "/dev/oracleoci/oraclevdl"
              },
              {
                "is_available": true,
                "name": "/dev/oracleoci/oraclevdm"
              },
              {
                "is_available": true,
                "name": "/dev/oracleoci/oraclevdn"
              },
              {
                "is_available": true,
                "name": "/dev/oracleoci/oraclevdo"
              },
              {
                "is_available": true,
                "name": "/dev/oracleoci/oraclevdp"
              },
              {
                "is_available": true,
                "name": "/dev/oracleoci/oraclevdq"
              },
              {
                "is_available": true,
                "name": "/dev/oracleoci/oraclevdr"
              },
              {
                "is_available": true,
                "name": "/dev/oracleoci/oraclevds"
              },
              {
                "is_available": true,
                "name": "/dev/oracleoci/oraclevdt"
              },
              {
                "is_available": true,
                "name": "/dev/oracleoci/oraclevdu"
              },
              {
                "is_available": true,
                "name": "/dev/oracleoci/oraclevdv"
              },
              {
                "is_available": true,
                "name": "/dev/oracleoci/oraclevdw"
              },
              {
                "is_available": true,
                "name": "/dev/oracleoci/oraclevdx"
              },
              {
                "is_available": true,
                "name": "/dev/oracleoci/oraclevdy"
              },
              {
                "is_available": true,
                "name": "/dev/oracleoci/oraclevdz"
              },
              {
                "is_available": true,
                "name": "/dev/oracleoci/oraclevdaa"
              },
              {
                "is_available": true,
                "name": "/dev/oracleoci/oraclevdab"
              },
              {
                "is_available": true,
                "name": "/dev/oracleoci/oraclevdac"
              },
              {
                "is_available": true,
                "name": "/dev/oracleoci/oraclevdad"
              },
              {
                "is_available": true,
                "name": "/dev/oracleoci/oraclevdae"
              },
              {
                "is_available": true,
                "name": "/dev/oracleoci/oraclevdaf"
              },
              {
                "is_available": true,
                "name": "/dev/oracleoci/oraclevdag"
              }
            ],
            "filter": null,
            "id": "CoreInstanceDevicesDataSource-4251150760",
            "instance_id": "ocid1.instance.oc1.phx.anyhqljr7rhxvoacd6e4jmr6wbdnxwplybau6eh3rc5pbnmyruatk6bi6rga",
            "is_available": null,
            "name": null
          },
          "sensitive_attributes": []
        }
      ]
    },
    {
      "mode": "data",
      "type": "oci_core_volume_backup_policies",
      "name": "test_predefined_volume_backup_policies",
      "provider": "provider[\"registry.terraform.io/hashicorp/oci\"]",
      "instances": [
        {
          "schema_version": 0,
          "attributes": {
            "compartment_id": null,
            "filter": [
              {
                "name": "display_name",
                "regex": false,
                "values": [
                  "silver"
                ]
              }
            ],
            "id": "CoreVolumeBackupPoliciesDataSource-0",
            "volume_backup_policies": [
              {
                "compartment_id": "",
                "defined_tags": {},
                "destination_region": "",
                "display_name": "silver",
                "freeform_tags": {},
                "id": "ocid1.volumebackuppolicy.oc1..aaaaaaaa7hwv7iscewqqcmyqe2zuzfce6setvckhbxduswtxf6ctew7e54ja",
                "schedules": [
                  {
                    "backup_type": "INCREMENTAL",
                    "day_of_month": -1,
                    "day_of_week": "",
                    "hour_of_day": -1,
                    "month": "",
                    "offset_seconds": 0,
                    "offset_type": "",
                    "period": "ONE_WEEK",
                    "retention_seconds": 2419200,
                    "time_zone": "REGIONAL_DATA_CENTER_TIME"
                  },
                  {
                    "backup_type": "INCREMENTAL",
                    "day_of_month": -1,
                    "day_of_week": "",
                    "hour_of_day": -1,
                    "month": "",
                    "offset_seconds": 0,
                    "offset_type": "",
                    "period": "ONE_MONTH",
                    "retention_seconds": 31557600,
                    "time_zone": "REGIONAL_DATA_CENTER_TIME"
                  },
                  {
                    "backup_type": "FULL",
                    "day_of_month": -1,
                    "day_of_week": "",
                    "hour_of_day": -1,
                    "month": "",
                    "offset_seconds": 0,
                    "offset_type": "",
                    "period": "ONE_YEAR",
                    "retention_seconds": 157680000,
                    "time_zone": "REGIONAL_DATA_CENTER_TIME"
                  }
                ],
                "time_created": "2017-10-01 00:00:00.001 +0000 UTC"
              }
            ]
          },
          "sensitive_attributes": []
        }
      ]
    },
    {
      "mode": "data",
      "type": "oci_identity_availability_domain",
      "name": "ad",
      "provider": "provider[\"registry.terraform.io/hashicorp/oci\"]",
      "instances": [
        {
          "schema_version": 0,
          "attributes": {
            "ad_number": 1,
            "compartment_id": "ocid1.tenancy.oc1..aaaaaaaax3q5jcmovrv7qxbops55wzrjeutinobtayaykdasoygtnpko7buq",
            "id": "ocid1.availabilitydomain.oc1..aaaaaaaac7uydq54rcymamzauv5pd23qk2g2vqlrfu5jd3y6i6qxpvvzkf7a",
            "name": "kWVD:PHX-AD-1"
          },
          "sensitive_attributes": []
        }
      ]
    },
    {
      "mode": "managed",
      "type": "null_resource",
      "name": "remote-exec",
      "provider": "provider[\"registry.terraform.io/hashicorp/null\"]",
      "instances": [
        {
          "index_key": 0,
          "schema_version": 0,
          "attributes": {
            "id": "2872552928014821877",
            "triggers": null
          },
          "sensitive_attributes": [],
          "private": "bnVsbA==",
          "dependencies": [
            "data.oci_identity_availability_domain.ad",
            "oci_core_instance.test_instance",
            "oci_core_subnet.test_subnet",
            "oci_core_volume_attachment.test_block_attach",
            "oci_identity_tag.tag2",
            "oci_identity_tag_namespace.tag-namespace1"
          ]
        },
        {
          "index_key": 1,
          "schema_version": 0,
          "attributes": {
            "id": "6007588600277250604",
            "triggers": null
          },
          "sensitive_attributes": [],
          "private": "bnVsbA==",
          "dependencies": [
            "data.oci_identity_availability_domain.ad",
            "oci_core_instance.test_instance",
            "oci_core_subnet.test_subnet",
            "oci_core_volume_attachment.test_block_attach",
            "oci_identity_tag.tag2",
            "oci_identity_tag_namespace.tag-namespace1"
          ]
        },
        {
          "index_key": 2,
          "schema_version": 0,
          "attributes": {
            "id": "8396622605442785683",
            "triggers": null
          },
          "sensitive_attributes": [],
          "private": "bnVsbA==",
          "dependencies": [
            "data.oci_identity_availability_domain.ad",
            "oci_core_instance.test_instance",
            "oci_core_subnet.test_subnet",
            "oci_core_volume_attachment.test_block_attach",
            "oci_identity_tag.tag2",
            "oci_identity_tag_namespace.tag-namespace1"
          ]
        }
      ]
    },
    {
      "mode": "managed",
      "type": "oci_core_default_route_table",
      "name": "default_route_table",
      "provider": "provider[\"registry.terraform.io/hashicorp/oci\"]",
      "instances": [
        {
          "schema_version": 0,
          "attributes": {
            "compartment_id": "ocid1.compartment.oc1..aaaaaaaa2bv45q4vcdc6e4otblyllu4itrsblspvicblqanhwn6q2fhefibq",
            "defined_tags": {
              "Oracle-Tag.CreatedBy": "rik.kisnah@oracle.com",
              "Oracle-Tag.CreatedOn": "2021-08-08T20:51:56.150Z"
            },
            "display_name": "DefaultRouteTable",
            "freeform_tags": {},
            "id": "ocid1.routetable.oc1.phx.aaaaaaaa6mkxyqmhlffb4l2d2h2udfwalbuidwjgppjsm4zxp3tuee6bun7a",
            "manage_default_resource_id": "ocid1.routetable.oc1.phx.aaaaaaaa6mkxyqmhlffb4l2d2h2udfwalbuidwjgppjsm4zxp3tuee6bun7a",
            "route_rules": [
              {
                "cidr_block": "",
                "description": "",
                "destination": "0.0.0.0/0",
                "destination_type": "CIDR_BLOCK",
                "network_entity_id": "ocid1.internetgateway.oc1.phx.aaaaaaaa5y6kuuk3daxlzz2qxyhmdz27prpawogcpzm2w3mw2bsukqczfhgq"
              }
            ],
            "state": "AVAILABLE",
            "time_created": "2021-08-08 20:51:56.155 +0000 UTC",
            "timeouts": null
          },
          "sensitive_attributes": [],
          "private": "eyJlMmJmYjczMC1lY2FhLTExZTYtOGY4OC0zNDM2M2JjN2M0YzAiOnsiY3JlYXRlIjoxMjAwMDAwMDAwMDAwLCJkZWxldGUiOjEyMDAwMDAwMDAwMDAsInVwZGF0ZSI6MTIwMDAwMDAwMDAwMH19",
          "dependencies": [
            "oci_core_internet_gateway.test_internet_gateway",
            "oci_core_vcn.test_vcn"
          ]
        }
      ]
    },
    {
      "mode": "managed",
      "type": "oci_core_instance",
      "name": "test_instance",
      "provider": "provider[\"registry.terraform.io/hashicorp/oci\"]",
      "instances": [
        {
          "index_key": 0,
          "schema_version": 0,
          "attributes": {
            "agent_config": [
              {
                "are_all_plugins_disabled": false,
                "is_management_disabled": false,
                "is_monitoring_disabled": false,
                "plugins_config": []
              }
            ],
            "availability_config": [
              {
                "is_live_migration_preferred": false,
                "recovery_action": "RESTORE_INSTANCE"
              }
            ],
            "availability_domain": "kWVD:PHX-AD-1",
            "boot_volume_id": "ocid1.bootvolume.oc1.phx.abyhqljrxhuuhksuxvqvq4zblxey5zc5646fvpfbdq3q5igwjqckzbpfasda",
            "capacity_reservation_id": null,
            "compartment_id": "ocid1.compartment.oc1..aaaaaaaa2bv45q4vcdc6e4otblyllu4itrsblspvicblqanhwn6q2fhefibq",
            "create_vnic_details": [
              {
                "assign_private_dns_record": true,
                "assign_public_ip": "true",
                "defined_tags": {
                  "Oracle-Tag.CreatedBy": "rik.kisnah@oracle.com",
                  "Oracle-Tag.CreatedOn": "2021-08-08T21:08:43.406Z",
                  "testexamples-tag-namespace.tf-example-tag-2": "awesome-app-server"
                },
                "display_name": "Primaryvnic",
                "freeform_tags": {
                  "freeformkey0": "freeformvalue0"
                },
                "hostname_label": "exampleinstance0",
                "nsg_ids": [],
                "private_ip": "10.1.20.162",
                "skip_source_dest_check": false,
                "subnet_id": "ocid1.subnet.oc1.phx.aaaaaaaa27txilt7b5snortdvqedjy4oogwuvfico6iw3qcnfiveijowsjfq",
                "vlan_id": ""
              }
            ],
            "dedicated_vm_host_id": null,
            "defined_tags": {
              "testexamples-tag-namespace.tf-example-tag-2": "awesome-app-server"
            },
            "display_name": "TestInstance0",
            "extended_metadata": {},
            "fault_domain": "FAULT-DOMAIN-2",
            "freeform_tags": {
              "freeformkey0": "freeformvalue0"
            },
            "hostname_label": "exampleinstance0",
            "id": "ocid1.instance.oc1.phx.anyhqljr7rhxvoackg2mgtzexoufoal5cq5gj2r3rj7fbfmnqg42v2qojgdq",
            "image": "ocid1.image.oc1.phx.aaaaaaaa6hooptnlbfwr5lwemqjbu3uqidntrlhnt45yihfj222zahe7p3wq",
            "instance_options": [
              {
                "are_legacy_imds_endpoints_disabled": false
              }
            ],
            "ipxe_script": null,
            "is_pv_encryption_in_transit_enabled": null,
            "launch_mode": "NATIVE",
            "launch_options": [
              {
                "boot_volume_type": "PARAVIRTUALIZED",
                "firmware": "UEFI_64",
                "is_consistent_volume_naming_enabled": true,
                "is_pv_encryption_in_transit_enabled": false,
                "network_type": "VFIO",
                "remote_data_volume_type": "PARAVIRTUALIZED"
              }
            ],
            "metadata": {
              "ssh_authorized_keys": "ssh-rsa AAAAB3NzaC1yc2EAAAADAQABAAABAQDgj/2Nr2PDgOTTmgSrHG7WGfVORDaXwX5txKV5yquLoVGjg0wVnv0/Ruc8PUNZP2iChCgPc2qvckySKY0icgu6KRlhBfyiT+FLAwrMd+ywPyCchlhwFs+kSgHYeZ1R+xf62ugmtrQcKkBxVmAdXbdHHuHdpituMo2E5CXW3geS0O6yy1mIpbTIyfoFpngwAcQ7fPe0TptAoY//JOIVktDGOg5GwgspV4n+kLUtWBHrK0IsvMSzP6QvIwVaU7YHKBKPxxNa+diwB9lB1mn45tm7VYlQsN0RXSW41hnSmWDNTWC2lSmv7VkeuH1i5FGUobkREALi9/5s34GXYLs3S6d9 rikeshk\n",
              "user_data": "eXVtIHVwZGF0ZSAteQp0b3VjaCAvdG1wL3Jpay50eHQK"
            },
            "platform_config": [],
            "preemptible_instance_config": [
              {
                "preemption_action": [
                  {
                    "preserve_boot_volume": false,
                    "type": "TERMINATE"
                  }
                ]
              }
            ],
            "preserve_boot_volume": null,
            "private_ip": "10.1.20.162",
            "public_ip": "158.101.16.221",
            "region": "phx",
            "shape": "VM.Standard.E3.Flex",
            "shape_config": [
              {
                "baseline_ocpu_utilization": "",
                "gpu_description": "",
                "gpus": 0,
                "local_disk_description": "",
                "local_disks": 0,
                "local_disks_total_size_in_gbs": 0,
                "max_vnic_attachments": 2,
                "memory_in_gbs": 1,
                "networking_bandwidth_in_gbps": 1,
                "ocpus": 1,
                "processor_description": "2.25 GHz AMD EPYC™ 7742 (Rome)"
              }
            ],
            "source_details": [
              {
                "boot_volume_size_in_gbs": "47",
                "kms_key_id": "",
                "source_id": "ocid1.image.oc1.phx.aaaaaaaa6hooptnlbfwr5lwemqjbu3uqidntrlhnt45yihfj222zahe7p3wq",
                "source_type": "image"
              }
            ],
            "state": "RUNNING",
            "subnet_id": "ocid1.subnet.oc1.phx.aaaaaaaa27txilt7b5snortdvqedjy4oogwuvfico6iw3qcnfiveijowsjfq",
            "system_tags": {},
            "time_created": "2021-08-08 21:08:43.673 +0000 UTC",
            "time_maintenance_reboot_due": "",
            "timeouts": {
              "create": "60m",
              "delete": null,
              "update": null
            }
          },
          "sensitive_attributes": [],
          "private": "eyJlMmJmYjczMC1lY2FhLTExZTYtOGY4OC0zNDM2M2JjN2M0YzAiOnsiY3JlYXRlIjozNjAwMDAwMDAwMDAwLCJkZWxldGUiOjQ1MDAwMDAwMDAwMDAsInVwZGF0ZSI6MjcwMDAwMDAwMDAwMH19",
          "dependencies": [
            "data.oci_identity_availability_domain.ad",
            "oci_core_subnet.test_subnet",
            "oci_identity_tag.tag2",
            "oci_identity_tag_namespace.tag-namespace1"
          ]
        },
        {
          "index_key": 1,
          "schema_version": 0,
          "attributes": {
            "agent_config": [
              {
                "are_all_plugins_disabled": false,
                "is_management_disabled": false,
                "is_monitoring_disabled": false,
                "plugins_config": []
              }
            ],
            "availability_config": [
              {
                "is_live_migration_preferred": false,
                "recovery_action": "RESTORE_INSTANCE"
              }
            ],
            "availability_domain": "kWVD:PHX-AD-1",
            "boot_volume_id": "ocid1.bootvolume.oc1.phx.abyhqljr2zzxchgl6pc4cq74vakponlg3n7pdzet2fljxnvs3hfy4iukq2sa",
            "capacity_reservation_id": null,
            "compartment_id": "ocid1.compartment.oc1..aaaaaaaa2bv45q4vcdc6e4otblyllu4itrsblspvicblqanhwn6q2fhefibq",
            "create_vnic_details": [
              {
                "assign_private_dns_record": true,
                "assign_public_ip": "true",
                "defined_tags": {
                  "Oracle-Tag.CreatedBy": "rik.kisnah@oracle.com",
                  "Oracle-Tag.CreatedOn": "2021-08-08T21:08:43.329Z",
                  "testexamples-tag-namespace.tf-example-tag-2": "awesome-app-server"
                },
                "display_name": "Primaryvnic",
                "freeform_tags": {
                  "freeformkey1": "freeformvalue1"
                },
                "hostname_label": "exampleinstance1",
                "nsg_ids": [],
                "private_ip": "10.1.20.152",
                "skip_source_dest_check": false,
                "subnet_id": "ocid1.subnet.oc1.phx.aaaaaaaa27txilt7b5snortdvqedjy4oogwuvfico6iw3qcnfiveijowsjfq",
                "vlan_id": ""
              }
            ],
            "dedicated_vm_host_id": null,
            "defined_tags": {
              "testexamples-tag-namespace.tf-example-tag-2": "awesome-app-server"
            },
            "display_name": "TestInstance1",
            "extended_metadata": {},
            "fault_domain": "FAULT-DOMAIN-2",
            "freeform_tags": {
              "freeformkey1": "freeformvalue1"
            },
            "hostname_label": "exampleinstance1",
            "id": "ocid1.instance.oc1.phx.anyhqljr7rhxvoacldtjcbxux353ozggskksc6d6hhz7lqaftgzxwded7pqq",
            "image": "ocid1.image.oc1.phx.aaaaaaaa6hooptnlbfwr5lwemqjbu3uqidntrlhnt45yihfj222zahe7p3wq",
            "instance_options": [
              {
                "are_legacy_imds_endpoints_disabled": false
              }
            ],
            "ipxe_script": null,
            "is_pv_encryption_in_transit_enabled": null,
            "launch_mode": "NATIVE",
            "launch_options": [
              {
                "boot_volume_type": "PARAVIRTUALIZED",
                "firmware": "UEFI_64",
                "is_consistent_volume_naming_enabled": true,
                "is_pv_encryption_in_transit_enabled": false,
                "network_type": "VFIO",
                "remote_data_volume_type": "PARAVIRTUALIZED"
              }
            ],
            "metadata": {
              "ssh_authorized_keys": "ssh-rsa AAAAB3NzaC1yc2EAAAADAQABAAABAQDgj/2Nr2PDgOTTmgSrHG7WGfVORDaXwX5txKV5yquLoVGjg0wVnv0/Ruc8PUNZP2iChCgPc2qvckySKY0icgu6KRlhBfyiT+FLAwrMd+ywPyCchlhwFs+kSgHYeZ1R+xf62ugmtrQcKkBxVmAdXbdHHuHdpituMo2E5CXW3geS0O6yy1mIpbTIyfoFpngwAcQ7fPe0TptAoY//JOIVktDGOg5GwgspV4n+kLUtWBHrK0IsvMSzP6QvIwVaU7YHKBKPxxNa+diwB9lB1mn45tm7VYlQsN0RXSW41hnSmWDNTWC2lSmv7VkeuH1i5FGUobkREALi9/5s34GXYLs3S6d9 rikeshk\n",
              "user_data": "eXVtIHVwZGF0ZSAteQp0b3VjaCAvdG1wL3Jpay50eHQK"
            },
            "platform_config": [],
            "preemptible_instance_config": [
              {
                "preemption_action": [
                  {
                    "preserve_boot_volume": false,
                    "type": "TERMINATE"
                  }
                ]
              }
            ],
            "preserve_boot_volume": null,
            "private_ip": "10.1.20.152",
            "public_ip": "129.146.109.248",
            "region": "phx",
            "shape": "VM.Standard.E3.Flex",
            "shape_config": [
              {
                "baseline_ocpu_utilization": "",
                "gpu_description": "",
                "gpus": 0,
                "local_disk_description": "",
                "local_disks": 0,
                "local_disks_total_size_in_gbs": 0,
                "max_vnic_attachments": 2,
                "memory_in_gbs": 1,
                "networking_bandwidth_in_gbps": 1,
                "ocpus": 1,
                "processor_description": "2.25 GHz AMD EPYC™ 7742 (Rome)"
              }
            ],
            "source_details": [
              {
                "boot_volume_size_in_gbs": "47",
                "kms_key_id": "",
                "source_id": "ocid1.image.oc1.phx.aaaaaaaa6hooptnlbfwr5lwemqjbu3uqidntrlhnt45yihfj222zahe7p3wq",
                "source_type": "image"
              }
            ],
            "state": "RUNNING",
            "subnet_id": "ocid1.subnet.oc1.phx.aaaaaaaa27txilt7b5snortdvqedjy4oogwuvfico6iw3qcnfiveijowsjfq",
            "system_tags": {},
            "time_created": "2021-08-08 21:08:43.775 +0000 UTC",
            "time_maintenance_reboot_due": "",
            "timeouts": {
              "create": "60m",
              "delete": null,
              "update": null
            }
          },
          "sensitive_attributes": [],
          "private": "eyJlMmJmYjczMC1lY2FhLTExZTYtOGY4OC0zNDM2M2JjN2M0YzAiOnsiY3JlYXRlIjozNjAwMDAwMDAwMDAwLCJkZWxldGUiOjQ1MDAwMDAwMDAwMDAsInVwZGF0ZSI6MjcwMDAwMDAwMDAwMH19",
          "dependencies": [
            "data.oci_identity_availability_domain.ad",
            "oci_core_subnet.test_subnet",
            "oci_identity_tag.tag2",
            "oci_identity_tag_namespace.tag-namespace1"
          ]
        },
        {
          "index_key": 2,
          "schema_version": 0,
          "attributes": {
            "agent_config": [
              {
                "are_all_plugins_disabled": false,
                "is_management_disabled": false,
                "is_monitoring_disabled": false,
                "plugins_config": []
              }
            ],
            "availability_config": [
              {
                "is_live_migration_preferred": false,
                "recovery_action": "RESTORE_INSTANCE"
              }
            ],
            "availability_domain": "kWVD:PHX-AD-1",
            "boot_volume_id": "ocid1.bootvolume.oc1.phx.abyhqljr3llnz75tcgi4is37lrkkhnyugve74u3pdxhgugw6endpt476ztda",
            "capacity_reservation_id": null,
            "compartment_id": "ocid1.compartment.oc1..aaaaaaaa2bv45q4vcdc6e4otblyllu4itrsblspvicblqanhwn6q2fhefibq",
            "create_vnic_details": [
              {
                "assign_private_dns_record": true,
                "assign_public_ip": "true",
                "defined_tags": {
                  "Oracle-Tag.CreatedBy": "rik.kisnah@oracle.com",
                  "Oracle-Tag.CreatedOn": "2021-08-08T21:08:43.234Z",
                  "testexamples-tag-namespace.tf-example-tag-2": "awesome-app-server"
                },
                "display_name": "Primaryvnic",
                "freeform_tags": {
                  "freeformkey2": "freeformvalue2"
                },
                "hostname_label": "exampleinstance2",
                "nsg_ids": [],
                "private_ip": "10.1.20.99",
                "skip_source_dest_check": false,
                "subnet_id": "ocid1.subnet.oc1.phx.aaaaaaaa27txilt7b5snortdvqedjy4oogwuvfico6iw3qcnfiveijowsjfq",
                "vlan_id": ""
              }
            ],
            "dedicated_vm_host_id": null,
            "defined_tags": {
              "testexamples-tag-namespace.tf-example-tag-2": "awesome-app-server"
            },
            "display_name": "TestInstance2",
            "extended_metadata": {},
            "fault_domain": "FAULT-DOMAIN-2",
            "freeform_tags": {
              "freeformkey2": "freeformvalue2"
            },
            "hostname_label": "exampleinstance2",
            "id": "ocid1.instance.oc1.phx.anyhqljr7rhxvoacd6e4jmr6wbdnxwplybau6eh3rc5pbnmyruatk6bi6rga",
            "image": "ocid1.image.oc1.phx.aaaaaaaa6hooptnlbfwr5lwemqjbu3uqidntrlhnt45yihfj222zahe7p3wq",
            "instance_options": [
              {
                "are_legacy_imds_endpoints_disabled": false
              }
            ],
            "ipxe_script": null,
            "is_pv_encryption_in_transit_enabled": null,
            "launch_mode": "NATIVE",
            "launch_options": [
              {
                "boot_volume_type": "PARAVIRTUALIZED",
                "firmware": "UEFI_64",
                "is_consistent_volume_naming_enabled": true,
                "is_pv_encryption_in_transit_enabled": false,
                "network_type": "VFIO",
                "remote_data_volume_type": "PARAVIRTUALIZED"
              }
            ],
            "metadata": {
              "ssh_authorized_keys": "ssh-rsa AAAAB3NzaC1yc2EAAAADAQABAAABAQDgj/2Nr2PDgOTTmgSrHG7WGfVORDaXwX5txKV5yquLoVGjg0wVnv0/Ruc8PUNZP2iChCgPc2qvckySKY0icgu6KRlhBfyiT+FLAwrMd+ywPyCchlhwFs+kSgHYeZ1R+xf62ugmtrQcKkBxVmAdXbdHHuHdpituMo2E5CXW3geS0O6yy1mIpbTIyfoFpngwAcQ7fPe0TptAoY//JOIVktDGOg5GwgspV4n+kLUtWBHrK0IsvMSzP6QvIwVaU7YHKBKPxxNa+diwB9lB1mn45tm7VYlQsN0RXSW41hnSmWDNTWC2lSmv7VkeuH1i5FGUobkREALi9/5s34GXYLs3S6d9 rikeshk\n",
              "user_data": "eXVtIHVwZGF0ZSAteQp0b3VjaCAvdG1wL3Jpay50eHQK"
            },
            "platform_config": [],
            "preemptible_instance_config": [
              {
                "preemption_action": [
                  {
                    "preserve_boot_volume": false,
                    "type": "TERMINATE"
                  }
                ]
              }
            ],
            "preserve_boot_volume": null,
            "private_ip": "10.1.20.99",
            "public_ip": "129.146.64.185",
            "region": "phx",
            "shape": "VM.Standard.E3.Flex",
            "shape_config": [
              {
                "baseline_ocpu_utilization": "",
                "gpu_description": "",
                "gpus": 0,
                "local_disk_description": "",
                "local_disks": 0,
                "local_disks_total_size_in_gbs": 0,
                "max_vnic_attachments": 2,
                "memory_in_gbs": 1,
                "networking_bandwidth_in_gbps": 1,
                "ocpus": 1,
                "processor_description": "2.25 GHz AMD EPYC™ 7742 (Rome)"
              }
            ],
            "source_details": [
              {
                "boot_volume_size_in_gbs": "47",
                "kms_key_id": "",
                "source_id": "ocid1.image.oc1.phx.aaaaaaaa6hooptnlbfwr5lwemqjbu3uqidntrlhnt45yihfj222zahe7p3wq",
                "source_type": "image"
              }
            ],
            "state": "RUNNING",
            "subnet_id": "ocid1.subnet.oc1.phx.aaaaaaaa27txilt7b5snortdvqedjy4oogwuvfico6iw3qcnfiveijowsjfq",
            "system_tags": {},
            "time_created": "2021-08-08 21:08:43.663 +0000 UTC",
            "time_maintenance_reboot_due": "",
            "timeouts": {
              "create": "60m",
              "delete": null,
              "update": null
            }
          },
          "sensitive_attributes": [],
          "private": "eyJlMmJmYjczMC1lY2FhLTExZTYtOGY4OC0zNDM2M2JjN2M0YzAiOnsiY3JlYXRlIjozNjAwMDAwMDAwMDAwLCJkZWxldGUiOjQ1MDAwMDAwMDAwMDAsInVwZGF0ZSI6MjcwMDAwMDAwMDAwMH19",
          "dependencies": [
            "data.oci_identity_availability_domain.ad",
            "oci_core_subnet.test_subnet",
            "oci_identity_tag.tag2",
            "oci_identity_tag_namespace.tag-namespace1"
          ]
        }
      ]
    },
    {
      "mode": "managed",
      "type": "oci_core_internet_gateway",
      "name": "test_internet_gateway",
      "provider": "provider[\"registry.terraform.io/hashicorp/oci\"]",
      "instances": [
        {
          "schema_version": 0,
          "attributes": {
            "compartment_id": "ocid1.compartment.oc1..aaaaaaaa2bv45q4vcdc6e4otblyllu4itrsblspvicblqanhwn6q2fhefibq",
            "defined_tags": {
              "Oracle-Tag.CreatedBy": "rik.kisnah@oracle.com",
              "Oracle-Tag.CreatedOn": "2021-08-08T20:51:56.930Z"
            },
            "display_name": "TestInternetGateway",
            "enabled": true,
            "freeform_tags": {},
            "id": "ocid1.internetgateway.oc1.phx.aaaaaaaa5y6kuuk3daxlzz2qxyhmdz27prpawogcpzm2w3mw2bsukqczfhgq",
            "state": "AVAILABLE",
            "time_created": "2021-08-08 20:51:56.952 +0000 UTC",
            "timeouts": null,
            "vcn_id": "ocid1.vcn.oc1.phx.amaaaaaa7rhxvoaaldp4bjappcqmfei5xe6fmzjtiuta7pdw4336b3pqgukq"
          },
          "sensitive_attributes": [],
          "private": "eyJlMmJmYjczMC1lY2FhLTExZTYtOGY4OC0zNDM2M2JjN2M0YzAiOnsiY3JlYXRlIjoxMjAwMDAwMDAwMDAwLCJkZWxldGUiOjEyMDAwMDAwMDAwMDAsInVwZGF0ZSI6MTIwMDAwMDAwMDAwMH19",
          "dependencies": [
            "oci_core_vcn.test_vcn"
          ]
        }
      ]
    },
    {
      "mode": "managed",
      "type": "oci_core_subnet",
      "name": "test_subnet",
      "provider": "provider[\"registry.terraform.io/hashicorp/oci\"]",
      "instances": [
        {
          "schema_version": 0,
          "attributes": {
            "availability_domain": "kWVD:PHX-AD-1",
            "cidr_block": "10.1.20.0/24",
            "compartment_id": "ocid1.compartment.oc1..aaaaaaaa2bv45q4vcdc6e4otblyllu4itrsblspvicblqanhwn6q2fhefibq",
            "defined_tags": {
              "Oracle-Tag.CreatedBy": "rik.kisnah@oracle.com",
              "Oracle-Tag.CreatedOn": "2021-08-08T20:51:58.879Z"
            },
            "dhcp_options_id": "ocid1.dhcpoptions.oc1.phx.aaaaaaaaner77hmzcfkyltkzfw4f6ljwn5x4mihqgjlhfailtqw36am27wja",
            "display_name": "TestSubnet",
            "dns_label": "testsubnet",
            "freeform_tags": {},
            "id": "ocid1.subnet.oc1.phx.aaaaaaaa27txilt7b5snortdvqedjy4oogwuvfico6iw3qcnfiveijowsjfq",
            "ipv6cidr_block": null,
            "ipv6virtual_router_ip": null,
            "prohibit_internet_ingress": false,
            "prohibit_public_ip_on_vnic": false,
            "route_table_id": "ocid1.routetable.oc1.phx.aaaaaaaa6mkxyqmhlffb4l2d2h2udfwalbuidwjgppjsm4zxp3tuee6bun7a",
            "security_list_ids": [
              "ocid1.securitylist.oc1.phx.aaaaaaaaxkawh7o3k6aakshffonpvedfae3u5vsjvboshhzb535p7twdbnsq"
            ],
            "state": "AVAILABLE",
            "subnet_domain_name": "testsubnet.testvcn.oraclevcn.com",
            "time_created": "2021-08-08 20:51:58.924 +0000 UTC",
            "timeouts": null,
            "vcn_id": "ocid1.vcn.oc1.phx.amaaaaaa7rhxvoaaldp4bjappcqmfei5xe6fmzjtiuta7pdw4336b3pqgukq",
            "virtual_router_ip": "10.1.20.1",
            "virtual_router_mac": "00:00:17:08:16:83"
          },
          "sensitive_attributes": [],
          "private": "eyJlMmJmYjczMC1lY2FhLTExZTYtOGY4OC0zNDM2M2JjN2M0YzAiOnsiY3JlYXRlIjoxMjAwMDAwMDAwMDAwLCJkZWxldGUiOjEyMDAwMDAwMDAwMDAsInVwZGF0ZSI6MTIwMDAwMDAwMDAwMH19",
          "dependencies": [
            "data.oci_identity_availability_domain.ad",
            "oci_core_vcn.test_vcn"
          ]
        }
      ]
    },
    {
      "mode": "managed",
      "type": "oci_core_vcn",
      "name": "test_vcn",
      "provider": "provider[\"registry.terraform.io/hashicorp/oci\"]",
      "instances": [
        {
          "schema_version": 0,
          "attributes": {
            "cidr_block": "10.1.0.0/16",
            "cidr_blocks": [
              "10.1.0.0/16"
            ],
            "compartment_id": "ocid1.compartment.oc1..aaaaaaaa2bv45q4vcdc6e4otblyllu4itrsblspvicblqanhwn6q2fhefibq",
            "default_dhcp_options_id": "ocid1.dhcpoptions.oc1.phx.aaaaaaaaner77hmzcfkyltkzfw4f6ljwn5x4mihqgjlhfailtqw36am27wja",
            "default_route_table_id": "ocid1.routetable.oc1.phx.aaaaaaaa6mkxyqmhlffb4l2d2h2udfwalbuidwjgppjsm4zxp3tuee6bun7a",
            "default_security_list_id": "ocid1.securitylist.oc1.phx.aaaaaaaaxkawh7o3k6aakshffonpvedfae3u5vsjvboshhzb535p7twdbnsq",
            "defined_tags": {
              "Oracle-Tag.CreatedBy": "rik.kisnah@oracle.com",
              "Oracle-Tag.CreatedOn": "2021-08-08T20:51:56.150Z"
            },
            "display_name": "TestVcn",
            "dns_label": "testvcn",
            "freeform_tags": {},
            "id": "ocid1.vcn.oc1.phx.amaaaaaa7rhxvoaaldp4bjappcqmfei5xe6fmzjtiuta7pdw4336b3pqgukq",
            "ipv6cidr_blocks": [],
            "is_ipv6enabled": false,
            "state": "AVAILABLE",
            "time_created": "2021-08-08 20:51:56.155 +0000 UTC",
            "timeouts": null,
            "vcn_domain_name": "testvcn.oraclevcn.com"
          },
          "sensitive_attributes": [],
          "private": "eyJlMmJmYjczMC1lY2FhLTExZTYtOGY4OC0zNDM2M2JjN2M0YzAiOnsiY3JlYXRlIjoxMjAwMDAwMDAwMDAwLCJkZWxldGUiOjEyMDAwMDAwMDAwMDAsInVwZGF0ZSI6MTIwMDAwMDAwMDAwMH19"
        }
      ]
    },
    {
      "mode": "managed",
      "type": "oci_core_volume",
      "name": "test_block_volume",
      "provider": "provider[\"registry.terraform.io/hashicorp/oci\"]",
      "instances": [
        {
          "index_key": 0,
          "schema_version": 0,
          "attributes": {
            "auto_tuned_vpus_per_gb": "10",
            "availability_domain": "kWVD:PHX-AD-1",
            "backup_policy_id": null,
            "block_volume_replicas": [],
            "block_volume_replicas_deletion": null,
            "compartment_id": "ocid1.compartment.oc1..aaaaaaaa2bv45q4vcdc6e4otblyllu4itrsblspvicblqanhwn6q2fhefibq",
            "defined_tags": {
              "Oracle-Tag.CreatedBy": "rik.kisnah@oracle.com",
              "Oracle-Tag.CreatedOn": "2021-08-08T20:51:56.024Z"
            },
            "display_name": "TestBlock0",
            "freeform_tags": {},
            "id": "ocid1.volume.oc1.phx.abyhqljrrtexbuwpussyesewsdzujickhqkliksrgfgt65h7wazh4azbtsja",
            "is_auto_tune_enabled": true,
            "is_hydrated": true,
            "kms_key_id": null,
            "size_in_gbs": "50",
            "size_in_mbs": "51200",
            "source_details": [],
            "state": "AVAILABLE",
            "system_tags": {},
            "time_created": "2021-08-08 20:51:56.375 +0000 UTC",
            "timeouts": null,
            "volume_backup_id": null,
            "volume_group_id": null,
            "vpus_per_gb": "10"
          },
          "sensitive_attributes": [],
          "private": "eyJlMmJmYjczMC1lY2FhLTExZTYtOGY4OC0zNDM2M2JjN2M0YzAiOnsiY3JlYXRlIjoxMjAwMDAwMDAwMDAwLCJkZWxldGUiOjEyMDAwMDAwMDAwMDAsInVwZGF0ZSI6MTIwMDAwMDAwMDAwMH19",
          "dependencies": [
            "data.oci_identity_availability_domain.ad"
          ]
        },
        {
          "index_key": 1,
          "schema_version": 0,
          "attributes": {
            "auto_tuned_vpus_per_gb": "10",
            "availability_domain": "kWVD:PHX-AD-1",
            "backup_policy_id": null,
            "block_volume_replicas": [],
            "block_volume_replicas_deletion": null,
            "compartment_id": "ocid1.compartment.oc1..aaaaaaaa2bv45q4vcdc6e4otblyllu4itrsblspvicblqanhwn6q2fhefibq",
            "defined_tags": {
              "Oracle-Tag.CreatedBy": "rik.kisnah@oracle.com",
              "Oracle-Tag.CreatedOn": "2021-08-08T20:51:56.031Z"
            },
            "display_name": "TestBlock1",
            "freeform_tags": {},
            "id": "ocid1.volume.oc1.phx.abyhqljruzme3dtnv6dcyeaq2cyspf2iekd55uowauit67ypyzbkrlyjpfaa",
            "is_auto_tune_enabled": true,
            "is_hydrated": true,
            "kms_key_id": null,
            "size_in_gbs": "50",
            "size_in_mbs": "51200",
            "source_details": [],
            "state": "AVAILABLE",
            "system_tags": {},
            "time_created": "2021-08-08 20:51:56.513 +0000 UTC",
            "timeouts": null,
            "volume_backup_id": null,
            "volume_group_id": null,
            "vpus_per_gb": "10"
          },
          "sensitive_attributes": [],
          "private": "eyJlMmJmYjczMC1lY2FhLTExZTYtOGY4OC0zNDM2M2JjN2M0YzAiOnsiY3JlYXRlIjoxMjAwMDAwMDAwMDAwLCJkZWxldGUiOjEyMDAwMDAwMDAwMDAsInVwZGF0ZSI6MTIwMDAwMDAwMDAwMH19",
          "dependencies": [
            "data.oci_identity_availability_domain.ad"
          ]
        },
        {
          "index_key": 2,
          "schema_version": 0,
          "attributes": {
            "auto_tuned_vpus_per_gb": "10",
            "availability_domain": "kWVD:PHX-AD-1",
            "backup_policy_id": null,
            "block_volume_replicas": [],
            "block_volume_replicas_deletion": null,
            "compartment_id": "ocid1.compartment.oc1..aaaaaaaa2bv45q4vcdc6e4otblyllu4itrsblspvicblqanhwn6q2fhefibq",
            "defined_tags": {
              "Oracle-Tag.CreatedBy": "rik.kisnah@oracle.com",
              "Oracle-Tag.CreatedOn": "2021-08-08T20:51:56.078Z"
            },
            "display_name": "TestBlock2",
            "freeform_tags": {},
            "id": "ocid1.volume.oc1.phx.abyhqljrtbtvuf32hfwc27hamie6grudp6d7wv6luceowktnmp2val57wikq",
            "is_auto_tune_enabled": true,
            "is_hydrated": true,
            "kms_key_id": null,
            "size_in_gbs": "50",
            "size_in_mbs": "51200",
            "source_details": [],
            "state": "AVAILABLE",
            "system_tags": {},
            "time_created": "2021-08-08 20:51:56.562 +0000 UTC",
            "timeouts": null,
            "volume_backup_id": null,
            "volume_group_id": null,
            "vpus_per_gb": "10"
          },
          "sensitive_attributes": [],
          "private": "eyJlMmJmYjczMC1lY2FhLTExZTYtOGY4OC0zNDM2M2JjN2M0YzAiOnsiY3JlYXRlIjoxMjAwMDAwMDAwMDAwLCJkZWxldGUiOjEyMDAwMDAwMDAwMDAsInVwZGF0ZSI6MTIwMDAwMDAwMDAwMH19",
          "dependencies": [
            "data.oci_identity_availability_domain.ad"
          ]
        }
      ]
    },
    {
      "mode": "managed",
      "type": "oci_core_volume",
      "name": "test_block_volume_paravirtualized",
      "provider": "provider[\"registry.terraform.io/hashicorp/oci\"]",
      "instances": [
        {
          "index_key": 0,
          "schema_version": 0,
          "attributes": {
            "auto_tuned_vpus_per_gb": "10",
            "availability_domain": "kWVD:PHX-AD-1",
            "backup_policy_id": null,
            "block_volume_replicas": [],
            "block_volume_replicas_deletion": null,
            "compartment_id": "ocid1.compartment.oc1..aaaaaaaa2bv45q4vcdc6e4otblyllu4itrsblspvicblqanhwn6q2fhefibq",
            "defined_tags": {
              "Oracle-Tag.CreatedBy": "rik.kisnah@oracle.com",
              "Oracle-Tag.CreatedOn": "2021-08-08T20:51:56.028Z"
            },
            "display_name": "TestBlockParavirtualized0",
            "freeform_tags": {},
            "id": "ocid1.volume.oc1.phx.abyhqljrmidayrk5ttgn6gnlhd522l4snaonx3xuv47u55ongajvfbadvefq",
            "is_auto_tune_enabled": true,
            "is_hydrated": true,
            "kms_key_id": null,
            "size_in_gbs": "50",
            "size_in_mbs": "51200",
            "source_details": [],
            "state": "AVAILABLE",
            "system_tags": {},
            "time_created": "2021-08-08 20:51:56.579 +0000 UTC",
            "timeouts": null,
            "volume_backup_id": null,
            "volume_group_id": null,
            "vpus_per_gb": "10"
          },
          "sensitive_attributes": [],
          "private": "eyJlMmJmYjczMC1lY2FhLTExZTYtOGY4OC0zNDM2M2JjN2M0YzAiOnsiY3JlYXRlIjoxMjAwMDAwMDAwMDAwLCJkZWxldGUiOjEyMDAwMDAwMDAwMDAsInVwZGF0ZSI6MTIwMDAwMDAwMDAwMH19",
          "dependencies": [
            "data.oci_identity_availability_domain.ad"
          ]
        },
        {
          "index_key": 1,
          "schema_version": 0,
          "attributes": {
            "auto_tuned_vpus_per_gb": "10",
            "availability_domain": "kWVD:PHX-AD-1",
            "backup_policy_id": null,
            "block_volume_replicas": [],
            "block_volume_replicas_deletion": null,
            "compartment_id": "ocid1.compartment.oc1..aaaaaaaa2bv45q4vcdc6e4otblyllu4itrsblspvicblqanhwn6q2fhefibq",
            "defined_tags": {
              "Oracle-Tag.CreatedBy": "rik.kisnah@oracle.com",
              "Oracle-Tag.CreatedOn": "2021-08-08T20:51:56.053Z"
            },
            "display_name": "TestBlockParavirtualized1",
            "freeform_tags": {},
            "id": "ocid1.volume.oc1.phx.abyhqljrp4irpazmidpdqre3ucz2jkdkocvpyfshz5elvxc6t3mnuwcdtyrq",
            "is_auto_tune_enabled": true,
            "is_hydrated": true,
            "kms_key_id": null,
            "size_in_gbs": "50",
            "size_in_mbs": "51200",
            "source_details": [],
            "state": "AVAILABLE",
            "system_tags": {},
            "time_created": "2021-08-08 20:51:56.375 +0000 UTC",
            "timeouts": null,
            "volume_backup_id": null,
            "volume_group_id": null,
            "vpus_per_gb": "10"
          },
          "sensitive_attributes": [],
          "private": "eyJlMmJmYjczMC1lY2FhLTExZTYtOGY4OC0zNDM2M2JjN2M0YzAiOnsiY3JlYXRlIjoxMjAwMDAwMDAwMDAwLCJkZWxldGUiOjEyMDAwMDAwMDAwMDAsInVwZGF0ZSI6MTIwMDAwMDAwMDAwMH19",
          "dependencies": [
            "data.oci_identity_availability_domain.ad"
          ]
        },
        {
          "index_key": 2,
          "schema_version": 0,
          "attributes": {
            "auto_tuned_vpus_per_gb": "10",
            "availability_domain": "kWVD:PHX-AD-1",
            "backup_policy_id": null,
            "block_volume_replicas": [],
            "block_volume_replicas_deletion": null,
            "compartment_id": "ocid1.compartment.oc1..aaaaaaaa2bv45q4vcdc6e4otblyllu4itrsblspvicblqanhwn6q2fhefibq",
            "defined_tags": {
              "Oracle-Tag.CreatedBy": "rik.kisnah@oracle.com",
              "Oracle-Tag.CreatedOn": "2021-08-08T20:51:56.028Z"
            },
            "display_name": "TestBlockParavirtualized2",
            "freeform_tags": {},
            "id": "ocid1.volume.oc1.phx.abyhqljrhzoxbxsohqmksumlfyjwaaaug26j72ntnwfeea6bzrq3h7qucefq",
            "is_auto_tune_enabled": true,
            "is_hydrated": true,
            "kms_key_id": null,
            "size_in_gbs": "50",
            "size_in_mbs": "51200",
            "source_details": [],
            "state": "AVAILABLE",
            "system_tags": {},
            "time_created": "2021-08-08 20:51:56.443 +0000 UTC",
            "timeouts": null,
            "volume_backup_id": null,
            "volume_group_id": null,
            "vpus_per_gb": "10"
          },
          "sensitive_attributes": [],
          "private": "eyJlMmJmYjczMC1lY2FhLTExZTYtOGY4OC0zNDM2M2JjN2M0YzAiOnsiY3JlYXRlIjoxMjAwMDAwMDAwMDAwLCJkZWxldGUiOjEyMDAwMDAwMDAwMDAsInVwZGF0ZSI6MTIwMDAwMDAwMDAwMH19",
          "dependencies": [
            "data.oci_identity_availability_domain.ad"
          ]
        },
        {
          "index_key": 3,
          "schema_version": 0,
          "attributes": {
            "auto_tuned_vpus_per_gb": "10",
            "availability_domain": "kWVD:PHX-AD-1",
            "backup_policy_id": null,
            "block_volume_replicas": [],
            "block_volume_replicas_deletion": null,
            "compartment_id": "ocid1.compartment.oc1..aaaaaaaa2bv45q4vcdc6e4otblyllu4itrsblspvicblqanhwn6q2fhefibq",
            "defined_tags": {
              "Oracle-Tag.CreatedBy": "rik.kisnah@oracle.com",
              "Oracle-Tag.CreatedOn": "2021-08-08T20:51:56.044Z"
            },
            "display_name": "TestBlockParavirtualized3",
            "freeform_tags": {},
            "id": "ocid1.volume.oc1.phx.abyhqljrbv3oputa7xhcv2mx764kaemiy7imy3fn6zvgu2tsuwp6qwpdbbaq",
            "is_auto_tune_enabled": true,
            "is_hydrated": true,
            "kms_key_id": null,
            "size_in_gbs": "50",
            "size_in_mbs": "51200",
            "source_details": [],
            "state": "AVAILABLE",
            "system_tags": {},
            "time_created": "2021-08-08 20:51:56.435 +0000 UTC",
            "timeouts": null,
            "volume_backup_id": null,
            "volume_group_id": null,
            "vpus_per_gb": "10"
          },
          "sensitive_attributes": [],
          "private": "eyJlMmJmYjczMC1lY2FhLTExZTYtOGY4OC0zNDM2M2JjN2M0YzAiOnsiY3JlYXRlIjoxMjAwMDAwMDAwMDAwLCJkZWxldGUiOjEyMDAwMDAwMDAwMDAsInVwZGF0ZSI6MTIwMDAwMDAwMDAwMH19",
          "dependencies": [
            "data.oci_identity_availability_domain.ad"
          ]
        },
        {
          "index_key": 4,
          "schema_version": 0,
          "attributes": {
            "auto_tuned_vpus_per_gb": "10",
            "availability_domain": "kWVD:PHX-AD-1",
            "backup_policy_id": null,
            "block_volume_replicas": [],
            "block_volume_replicas_deletion": null,
            "compartment_id": "ocid1.compartment.oc1..aaaaaaaa2bv45q4vcdc6e4otblyllu4itrsblspvicblqanhwn6q2fhefibq",
            "defined_tags": {
              "Oracle-Tag.CreatedBy": "rik.kisnah@oracle.com",
              "Oracle-Tag.CreatedOn": "2021-08-08T20:51:56.093Z"
            },
            "display_name": "TestBlockParavirtualized4",
            "freeform_tags": {},
            "id": "ocid1.volume.oc1.phx.abyhqljreipzhiniiomai6n5s7ixcgxnzmxb2erzorxbwpb2wn2pv2vtmgyq",
            "is_auto_tune_enabled": true,
            "is_hydrated": true,
            "kms_key_id": null,
            "size_in_gbs": "50",
            "size_in_mbs": "51200",
            "source_details": [],
            "state": "AVAILABLE",
            "system_tags": {},
            "time_created": "2021-08-08 20:51:56.395 +0000 UTC",
            "timeouts": null,
            "volume_backup_id": null,
            "volume_group_id": null,
            "vpus_per_gb": "10"
          },
          "sensitive_attributes": [],
          "private": "eyJlMmJmYjczMC1lY2FhLTExZTYtOGY4OC0zNDM2M2JjN2M0YzAiOnsiY3JlYXRlIjoxMjAwMDAwMDAwMDAwLCJkZWxldGUiOjEyMDAwMDAwMDAwMDAsInVwZGF0ZSI6MTIwMDAwMDAwMDAwMH19",
          "dependencies": [
            "data.oci_identity_availability_domain.ad"
          ]
        },
        {
          "index_key": 5,
          "schema_version": 0,
          "attributes": {
            "auto_tuned_vpus_per_gb": "10",
            "availability_domain": "kWVD:PHX-AD-1",
            "backup_policy_id": null,
            "block_volume_replicas": [],
            "block_volume_replicas_deletion": null,
            "compartment_id": "ocid1.compartment.oc1..aaaaaaaa2bv45q4vcdc6e4otblyllu4itrsblspvicblqanhwn6q2fhefibq",
            "defined_tags": {
              "Oracle-Tag.CreatedBy": "rik.kisnah@oracle.com",
              "Oracle-Tag.CreatedOn": "2021-08-08T20:51:56.034Z"
            },
            "display_name": "TestBlockParavirtualized5",
            "freeform_tags": {},
            "id": "ocid1.volume.oc1.phx.abyhqljra3uxzemn6l7lcgribc74japubnm5juoo3lyja5r3b7pkcwfkxrca",
            "is_auto_tune_enabled": true,
            "is_hydrated": true,
            "kms_key_id": null,
            "size_in_gbs": "50",
            "size_in_mbs": "51200",
            "source_details": [],
            "state": "AVAILABLE",
            "system_tags": {},
            "time_created": "2021-08-08 20:51:56.417 +0000 UTC",
            "timeouts": null,
            "volume_backup_id": null,
            "volume_group_id": null,
            "vpus_per_gb": "10"
          },
          "sensitive_attributes": [],
          "private": "eyJlMmJmYjczMC1lY2FhLTExZTYtOGY4OC0zNDM2M2JjN2M0YzAiOnsiY3JlYXRlIjoxMjAwMDAwMDAwMDAwLCJkZWxldGUiOjEyMDAwMDAwMDAwMDAsInVwZGF0ZSI6MTIwMDAwMDAwMDAwMH19",
          "dependencies": [
            "data.oci_identity_availability_domain.ad"
          ]
        }
      ]
    },
    {
      "mode": "managed",
      "type": "oci_core_volume_attachment",
      "name": "test_block_attach",
      "provider": "provider[\"registry.terraform.io/hashicorp/oci\"]",
      "instances": [
        {
          "index_key": 0,
          "schema_version": 0,
          "attributes": {
            "attachment_type": "iscsi",
            "availability_domain": "kWVD:PHX-AD-1",
            "chap_secret": "9xXRHqOhdO91VJK0",
            "chap_username": "ocid1.volume.oc1.phx.abyhqljrrtexbuwpussyesewsdzujickhqkliksrgfgt65h7wazh4azbtsja",
            "compartment_id": "ocid1.compartment.oc1..aaaaaaaa2bv45q4vcdc6e4otblyllu4itrsblspvicblqanhwn6q2fhefibq",
            "device": "/dev/oracleoci/oraclevdb",
            "display_name": "volumeattachment20210808210930",
            "encryption_in_transit_type": "NONE",
            "id": "ocid1.volumeattachment.oc1.phx.anyhqljr7rhxvoacqobkmmy6wddpzytz6nkjbkuovl2g6k26p2buretvy2ua",
            "instance_id": "ocid1.instance.oc1.phx.anyhqljr7rhxvoackg2mgtzexoufoal5cq5gj2r3rj7fbfmnqg42v2qojgdq",
            "ipv4": "169.254.2.4",
            "iqn": "iqn.2015-12.com.oracleiaas:54b61e12-98b6-4f6b-b0e5-7ee66592b39e",
            "is_multipath": null,
            "is_pv_encryption_in_transit_enabled": false,
            "is_read_only": false,
            "is_shareable": false,
            "iscsi_login_state": "",
            "multipath_devices": [],
            "port": 3260,
            "state": "ATTACHED",
            "time_created": "2021-08-08 21:09:30.934 +0000 UTC",
            "timeouts": null,
            "use_chap": true,
            "volume_id": "ocid1.volume.oc1.phx.abyhqljrrtexbuwpussyesewsdzujickhqkliksrgfgt65h7wazh4azbtsja"
          },
          "sensitive_attributes": [],
          "private": "eyJlMmJmYjczMC1lY2FhLTExZTYtOGY4OC0zNDM2M2JjN2M0YzAiOnsiY3JlYXRlIjoxMjAwMDAwMDAwMDAwLCJkZWxldGUiOjEyMDAwMDAwMDAwMDAsInVwZGF0ZSI6MTIwMDAwMDAwMDAwMH19",
          "dependencies": [
            "data.oci_identity_availability_domain.ad",
            "oci_core_instance.test_instance",
            "oci_core_subnet.test_subnet",
            "oci_core_vcn.test_vcn",
            "oci_core_volume.test_block_volume",
            "oci_identity_tag.tag2",
            "oci_identity_tag_namespace.tag-namespace1"
          ]
        },
        {
          "index_key": 1,
          "schema_version": 0,
          "attributes": {
            "attachment_type": "iscsi",
            "availability_domain": "kWVD:PHX-AD-1",
            "chap_secret": "38VyYENxZ8wW0oHC",
            "chap_username": "ocid1.volume.oc1.phx.abyhqljruzme3dtnv6dcyeaq2cyspf2iekd55uowauit67ypyzbkrlyjpfaa",
            "compartment_id": "ocid1.compartment.oc1..aaaaaaaa2bv45q4vcdc6e4otblyllu4itrsblspvicblqanhwn6q2fhefibq",
            "device": null,
            "display_name": "volumeattachment20210808210930",
            "encryption_in_transit_type": "NONE",
            "id": "ocid1.volumeattachment.oc1.phx.anyhqljr7rhxvoacojpgq3ahriccazgalaazykk3o2nsmmlwejxp4ngoooba",
            "instance_id": "ocid1.instance.oc1.phx.anyhqljr7rhxvoacldtjcbxux353ozggskksc6d6hhz7lqaftgzxwded7pqq",
            "ipv4": "169.254.2.3",
            "iqn": "iqn.2015-12.com.oracleiaas:eeed539c-1eb3-44e7-8dff-b938c21641c1",
            "is_multipath": null,
            "is_pv_encryption_in_transit_enabled": false,
            "is_read_only": false,
            "is_shareable": false,
            "iscsi_login_state": "",
            "multipath_devices": [],
            "port": 3260,
            "state": "ATTACHED",
            "time_created": "2021-08-08 21:09:30.432 +0000 UTC",
            "timeouts": null,
            "use_chap": true,
            "volume_id": "ocid1.volume.oc1.phx.abyhqljruzme3dtnv6dcyeaq2cyspf2iekd55uowauit67ypyzbkrlyjpfaa"
          },
          "sensitive_attributes": [],
          "private": "eyJlMmJmYjczMC1lY2FhLTExZTYtOGY4OC0zNDM2M2JjN2M0YzAiOnsiY3JlYXRlIjoxMjAwMDAwMDAwMDAwLCJkZWxldGUiOjEyMDAwMDAwMDAwMDAsInVwZGF0ZSI6MTIwMDAwMDAwMDAwMH19",
          "dependencies": [
            "oci_core_subnet.test_subnet",
            "oci_core_vcn.test_vcn",
            "oci_core_volume.test_block_volume",
            "oci_identity_tag.tag2",
            "oci_identity_tag_namespace.tag-namespace1",
            "data.oci_identity_availability_domain.ad",
            "oci_core_instance.test_instance"
          ]
        },
        {
          "index_key": 2,
          "schema_version": 0,
          "attributes": {
            "attachment_type": "iscsi",
            "availability_domain": "kWVD:PHX-AD-1",
            "chap_secret": "WFlEylrtvyF8GBgR",
            "chap_username": "ocid1.volume.oc1.phx.abyhqljrtbtvuf32hfwc27hamie6grudp6d7wv6luceowktnmp2val57wikq",
            "compartment_id": "ocid1.compartment.oc1..aaaaaaaa2bv45q4vcdc6e4otblyllu4itrsblspvicblqanhwn6q2fhefibq",
            "device": null,
            "display_name": "volumeattachment20210808210930",
            "encryption_in_transit_type": "NONE",
            "id": "ocid1.volumeattachment.oc1.phx.anyhqljr7rhxvoacuecjkcbu3hsuajipenskfwawa67qedgkljqiyi3i6fzq",
            "instance_id": "ocid1.instance.oc1.phx.anyhqljr7rhxvoacd6e4jmr6wbdnxwplybau6eh3rc5pbnmyruatk6bi6rga",
            "ipv4": "169.254.2.4",
            "iqn": "iqn.2015-12.com.oracleiaas:a80fd862-89de-4300-91ec-2843981c747f",
            "is_multipath": null,
            "is_pv_encryption_in_transit_enabled": false,
            "is_read_only": false,
            "is_shareable": false,
            "iscsi_login_state": "",
            "multipath_devices": [],
            "port": 3260,
            "state": "ATTACHED",
            "time_created": "2021-08-08 21:09:30.364 +0000 UTC",
            "timeouts": null,
            "use_chap": true,
            "volume_id": "ocid1.volume.oc1.phx.abyhqljrtbtvuf32hfwc27hamie6grudp6d7wv6luceowktnmp2val57wikq"
          },
          "sensitive_attributes": [],
          "private": "eyJlMmJmYjczMC1lY2FhLTExZTYtOGY4OC0zNDM2M2JjN2M0YzAiOnsiY3JlYXRlIjoxMjAwMDAwMDAwMDAwLCJkZWxldGUiOjEyMDAwMDAwMDAwMDAsInVwZGF0ZSI6MTIwMDAwMDAwMDAwMH19",
          "dependencies": [
            "oci_core_vcn.test_vcn",
            "oci_core_volume.test_block_volume",
            "oci_identity_tag.tag2",
            "oci_identity_tag_namespace.tag-namespace1",
            "data.oci_identity_availability_domain.ad",
            "oci_core_instance.test_instance",
            "oci_core_subnet.test_subnet"
          ]
        }
      ]
    },
    {
      "mode": "managed",
      "type": "oci_core_volume_attachment",
      "name": "test_block_volume_attach_paravirtualized",
      "provider": "provider[\"registry.terraform.io/hashicorp/oci\"]",
      "instances": [
        {
          "index_key": 0,
          "schema_version": 0,
          "attributes": {
            "attachment_type": "paravirtualized",
            "availability_domain": "kWVD:PHX-AD-1",
            "chap_secret": null,
            "chap_username": null,
            "compartment_id": "ocid1.compartment.oc1..aaaaaaaa2bv45q4vcdc6e4otblyllu4itrsblspvicblqanhwn6q2fhefibq",
            "device": null,
            "display_name": "volumeattachment20210808210930",
            "encryption_in_transit_type": null,
            "id": "ocid1.volumeattachment.oc1.phx.anyhqljr7rhxvoac7a6matevhd2xmwryngwtetthzqwccxkbeamrtzz5tnba",
            "instance_id": "ocid1.instance.oc1.phx.anyhqljr7rhxvoackg2mgtzexoufoal5cq5gj2r3rj7fbfmnqg42v2qojgdq",
            "ipv4": null,
            "iqn": null,
            "is_multipath": null,
            "is_pv_encryption_in_transit_enabled": false,
            "is_read_only": false,
            "is_shareable": false,
            "iscsi_login_state": "",
            "multipath_devices": [],
            "port": null,
            "state": "ATTACHED",
            "time_created": "2021-08-08 21:09:30.588 +0000 UTC",
            "timeouts": null,
            "use_chap": null,
            "volume_id": "ocid1.volume.oc1.phx.abyhqljrmidayrk5ttgn6gnlhd522l4snaonx3xuv47u55ongajvfbadvefq"
          },
          "sensitive_attributes": [],
          "private": "eyJlMmJmYjczMC1lY2FhLTExZTYtOGY4OC0zNDM2M2JjN2M0YzAiOnsiY3JlYXRlIjoxMjAwMDAwMDAwMDAwLCJkZWxldGUiOjEyMDAwMDAwMDAwMDAsInVwZGF0ZSI6MTIwMDAwMDAwMDAwMH19",
          "dependencies": [
            "oci_core_volume.test_block_volume_paravirtualized",
            "oci_identity_tag.tag2",
            "oci_identity_tag_namespace.tag-namespace1",
            "data.oci_identity_availability_domain.ad",
            "oci_core_instance.test_instance",
            "oci_core_subnet.test_subnet",
            "oci_core_vcn.test_vcn"
          ]
        },
        {
          "index_key": 1,
          "schema_version": 0,
          "attributes": {
            "attachment_type": "paravirtualized",
            "availability_domain": "kWVD:PHX-AD-1",
            "chap_secret": null,
            "chap_username": null,
            "compartment_id": "ocid1.compartment.oc1..aaaaaaaa2bv45q4vcdc6e4otblyllu4itrsblspvicblqanhwn6q2fhefibq",
            "device": null,
            "display_name": "volumeattachment20210808210930",
            "encryption_in_transit_type": null,
            "id": "ocid1.volumeattachment.oc1.phx.anyhqljr7rhxvoaceeyny5mrpbuagbpou3ljzgoy2onqtxt7qaq2vxg3jlia",
            "instance_id": "ocid1.instance.oc1.phx.anyhqljr7rhxvoackg2mgtzexoufoal5cq5gj2r3rj7fbfmnqg42v2qojgdq",
            "ipv4": null,
            "iqn": null,
            "is_multipath": null,
            "is_pv_encryption_in_transit_enabled": false,
            "is_read_only": false,
            "is_shareable": false,
            "iscsi_login_state": "",
            "multipath_devices": [],
            "port": null,
            "state": "ATTACHED",
            "time_created": "2021-08-08 21:09:30.766 +0000 UTC",
            "timeouts": null,
            "use_chap": null,
            "volume_id": "ocid1.volume.oc1.phx.abyhqljrp4irpazmidpdqre3ucz2jkdkocvpyfshz5elvxc6t3mnuwcdtyrq"
          },
          "sensitive_attributes": [],
          "private": "eyJlMmJmYjczMC1lY2FhLTExZTYtOGY4OC0zNDM2M2JjN2M0YzAiOnsiY3JlYXRlIjoxMjAwMDAwMDAwMDAwLCJkZWxldGUiOjEyMDAwMDAwMDAwMDAsInVwZGF0ZSI6MTIwMDAwMDAwMDAwMH19",
          "dependencies": [
            "oci_core_volume.test_block_volume_paravirtualized",
            "oci_identity_tag.tag2",
            "oci_identity_tag_namespace.tag-namespace1",
            "data.oci_identity_availability_domain.ad",
            "oci_core_instance.test_instance",
            "oci_core_subnet.test_subnet",
            "oci_core_vcn.test_vcn"
          ]
        },
        {
          "index_key": 2,
          "schema_version": 0,
          "attributes": {
            "attachment_type": "paravirtualized",
            "availability_domain": "kWVD:PHX-AD-1",
            "chap_secret": null,
            "chap_username": null,
            "compartment_id": "ocid1.compartment.oc1..aaaaaaaa2bv45q4vcdc6e4otblyllu4itrsblspvicblqanhwn6q2fhefibq",
            "device": null,
            "display_name": "volumeattachment20210808210930",
            "encryption_in_transit_type": null,
            "id": "ocid1.volumeattachment.oc1.phx.anyhqljr7rhxvoacxnwhpntii2rgtebnlpr3laceb6gb5pbicb7cs7dj6ztq",
            "instance_id": "ocid1.instance.oc1.phx.anyhqljr7rhxvoacldtjcbxux353ozggskksc6d6hhz7lqaftgzxwded7pqq",
            "ipv4": null,
            "iqn": null,
            "is_multipath": null,
            "is_pv_encryption_in_transit_enabled": false,
            "is_read_only": false,
            "is_shareable": false,
            "iscsi_login_state": "",
            "multipath_devices": [],
            "port": null,
            "state": "ATTACHED",
            "time_created": "2021-08-08 21:09:30.627 +0000 UTC",
            "timeouts": null,
            "use_chap": null,
            "volume_id": "ocid1.volume.oc1.phx.abyhqljrhzoxbxsohqmksumlfyjwaaaug26j72ntnwfeea6bzrq3h7qucefq"
          },
          "sensitive_attributes": [],
          "private": "eyJlMmJmYjczMC1lY2FhLTExZTYtOGY4OC0zNDM2M2JjN2M0YzAiOnsiY3JlYXRlIjoxMjAwMDAwMDAwMDAwLCJkZWxldGUiOjEyMDAwMDAwMDAwMDAsInVwZGF0ZSI6MTIwMDAwMDAwMDAwMH19",
          "dependencies": [
            "oci_core_subnet.test_subnet",
            "oci_core_vcn.test_vcn",
            "oci_core_volume.test_block_volume_paravirtualized",
            "oci_identity_tag.tag2",
            "oci_identity_tag_namespace.tag-namespace1",
            "data.oci_identity_availability_domain.ad",
            "oci_core_instance.test_instance"
          ]
        },
        {
          "index_key": 3,
          "schema_version": 0,
          "attributes": {
            "attachment_type": "paravirtualized",
            "availability_domain": "kWVD:PHX-AD-1",
            "chap_secret": null,
            "chap_username": null,
            "compartment_id": "ocid1.compartment.oc1..aaaaaaaa2bv45q4vcdc6e4otblyllu4itrsblspvicblqanhwn6q2fhefibq",
            "device": null,
            "display_name": "volumeattachment20210808210930",
            "encryption_in_transit_type": null,
            "id": "ocid1.volumeattachment.oc1.phx.anyhqljr7rhxvoacjrx5pp5g22ese5y5kshc5c4c23ppawafvqhvbec46ltq",
            "instance_id": "ocid1.instance.oc1.phx.anyhqljr7rhxvoacldtjcbxux353ozggskksc6d6hhz7lqaftgzxwded7pqq",
            "ipv4": null,
            "iqn": null,
            "is_multipath": null,
            "is_pv_encryption_in_transit_enabled": false,
            "is_read_only": false,
            "is_shareable": false,
            "iscsi_login_state": "",
            "multipath_devices": [],
            "port": null,
            "state": "ATTACHED",
            "time_created": "2021-08-08 21:09:31.459 +0000 UTC",
            "timeouts": null,
            "use_chap": null,
            "volume_id": "ocid1.volume.oc1.phx.abyhqljrbv3oputa7xhcv2mx764kaemiy7imy3fn6zvgu2tsuwp6qwpdbbaq"
          },
          "sensitive_attributes": [],
          "private": "eyJlMmJmYjczMC1lY2FhLTExZTYtOGY4OC0zNDM2M2JjN2M0YzAiOnsiY3JlYXRlIjoxMjAwMDAwMDAwMDAwLCJkZWxldGUiOjEyMDAwMDAwMDAwMDAsInVwZGF0ZSI6MTIwMDAwMDAwMDAwMH19",
          "dependencies": [
            "oci_core_vcn.test_vcn",
            "oci_core_volume.test_block_volume_paravirtualized",
            "oci_identity_tag.tag2",
            "oci_identity_tag_namespace.tag-namespace1",
            "data.oci_identity_availability_domain.ad",
            "oci_core_instance.test_instance",
            "oci_core_subnet.test_subnet"
          ]
        },
        {
          "index_key": 4,
          "schema_version": 0,
          "attributes": {
            "attachment_type": "paravirtualized",
            "availability_domain": "kWVD:PHX-AD-1",
            "chap_secret": null,
            "chap_username": null,
            "compartment_id": "ocid1.compartment.oc1..aaaaaaaa2bv45q4vcdc6e4otblyllu4itrsblspvicblqanhwn6q2fhefibq",
            "device": null,
            "display_name": "volumeattachment20210808210930",
            "encryption_in_transit_type": null,
            "id": "ocid1.volumeattachment.oc1.phx.anyhqljr7rhxvoacziiul2h6dj76tt4ipn76ldqiwmg6jk5aytsg6yiakcnq",
            "instance_id": "ocid1.instance.oc1.phx.anyhqljr7rhxvoacd6e4jmr6wbdnxwplybau6eh3rc5pbnmyruatk6bi6rga",
            "ipv4": null,
            "iqn": null,
            "is_multipath": null,
            "is_pv_encryption_in_transit_enabled": false,
            "is_read_only": false,
            "is_shareable": false,
            "iscsi_login_state": "",
            "multipath_devices": [],
            "port": null,
            "state": "ATTACHED",
            "time_created": "2021-08-08 21:09:31.068 +0000 UTC",
            "timeouts": null,
            "use_chap": null,
            "volume_id": "ocid1.volume.oc1.phx.abyhqljreipzhiniiomai6n5s7ixcgxnzmxb2erzorxbwpb2wn2pv2vtmgyq"
          },
          "sensitive_attributes": [],
          "private": "eyJlMmJmYjczMC1lY2FhLTExZTYtOGY4OC0zNDM2M2JjN2M0YzAiOnsiY3JlYXRlIjoxMjAwMDAwMDAwMDAwLCJkZWxldGUiOjEyMDAwMDAwMDAwMDAsInVwZGF0ZSI6MTIwMDAwMDAwMDAwMH19",
          "dependencies": [
            "data.oci_identity_availability_domain.ad",
            "oci_core_instance.test_instance",
            "oci_core_subnet.test_subnet",
            "oci_core_vcn.test_vcn",
            "oci_core_volume.test_block_volume_paravirtualized",
            "oci_identity_tag.tag2",
            "oci_identity_tag_namespace.tag-namespace1"
          ]
        },
        {
          "index_key": 5,
          "schema_version": 0,
          "attributes": {
            "attachment_type": "paravirtualized",
            "availability_domain": "kWVD:PHX-AD-1",
            "chap_secret": null,
            "chap_username": null,
            "compartment_id": "ocid1.compartment.oc1..aaaaaaaa2bv45q4vcdc6e4otblyllu4itrsblspvicblqanhwn6q2fhefibq",
            "device": null,
            "display_name": "volumeattachment20210808210930",
            "encryption_in_transit_type": null,
            "id": "ocid1.volumeattachment.oc1.phx.anyhqljr7rhxvoacwouhdraqkqn2vd5cto6xosba7xxdjwhrj2esrhoa23wa",
            "instance_id": "ocid1.instance.oc1.phx.anyhqljr7rhxvoacd6e4jmr6wbdnxwplybau6eh3rc5pbnmyruatk6bi6rga",
            "ipv4": null,
            "iqn": null,
            "is_multipath": null,
            "is_pv_encryption_in_transit_enabled": false,
            "is_read_only": false,
            "is_shareable": false,
            "iscsi_login_state": "",
            "multipath_devices": [],
            "port": null,
            "state": "ATTACHED",
            "time_created": "2021-08-08 21:09:30.513 +0000 UTC",
            "timeouts": null,
            "use_chap": null,
            "volume_id": "ocid1.volume.oc1.phx.abyhqljra3uxzemn6l7lcgribc74japubnm5juoo3lyja5r3b7pkcwfkxrca"
          },
          "sensitive_attributes": [],
          "private": "eyJlMmJmYjczMC1lY2FhLTExZTYtOGY4OC0zNDM2M2JjN2M0YzAiOnsiY3JlYXRlIjoxMjAwMDAwMDAwMDAwLCJkZWxldGUiOjEyMDAwMDAwMDAwMDAsInVwZGF0ZSI6MTIwMDAwMDAwMDAwMH19",
          "dependencies": [
            "oci_core_volume.test_block_volume_paravirtualized",
            "oci_identity_tag.tag2",
            "oci_identity_tag_namespace.tag-namespace1",
            "data.oci_identity_availability_domain.ad",
            "oci_core_instance.test_instance",
            "oci_core_subnet.test_subnet",
            "oci_core_vcn.test_vcn"
          ]
        }
      ]
    },
    {
      "mode": "managed",
      "type": "oci_core_volume_backup_policy_assignment",
      "name": "policy",
      "provider": "provider[\"registry.terraform.io/hashicorp/oci\"]",
      "instances": [
        {
          "index_key": 0,
          "schema_version": 0,
          "attributes": {
            "asset_id": "ocid1.bootvolume.oc1.phx.abyhqljrxhuuhksuxvqvq4zblxey5zc5646fvpfbdq3q5igwjqckzbpfasda",
            "id": "ocid1.volumebackuppolicyassign.oc1.phx.abyhqljrfk3aylvj27oxioix4x5ykxrnqghqbrhvxlybilvcc4g5w7u7mbpa",
            "policy_id": "ocid1.volumebackuppolicy.oc1..aaaaaaaa7hwv7iscewqqcmyqe2zuzfce6setvckhbxduswtxf6ctew7e54ja",
            "time_created": "2021-08-08 21:09:30.34 +0000 UTC",
            "timeouts": null
          },
          "sensitive_attributes": [],
          "private": "eyJlMmJmYjczMC1lY2FhLTExZTYtOGY4OC0zNDM2M2JjN2M0YzAiOnsiY3JlYXRlIjoxMjAwMDAwMDAwMDAwLCJkZWxldGUiOjEyMDAwMDAwMDAwMDAsInVwZGF0ZSI6MTIwMDAwMDAwMDAwMH19",
          "dependencies": [
            "oci_identity_tag_namespace.tag-namespace1",
            "data.oci_core_volume_backup_policies.test_predefined_volume_backup_policies",
            "data.oci_identity_availability_domain.ad",
            "oci_core_instance.test_instance",
            "oci_core_subnet.test_subnet",
            "oci_core_vcn.test_vcn",
            "oci_identity_tag.tag2"
          ]
        },
        {
          "index_key": 1,
          "schema_version": 0,
          "attributes": {
            "asset_id": "ocid1.bootvolume.oc1.phx.abyhqljr2zzxchgl6pc4cq74vakponlg3n7pdzet2fljxnvs3hfy4iukq2sa",
            "id": "ocid1.volumebackuppolicyassign.oc1.phx.abyhqljrzxiyaxoimkchx2dbyhdqhoekfscvcg7subbfepzr2uqlylel3yeq",
            "policy_id": "ocid1.volumebackuppolicy.oc1..aaaaaaaa7hwv7iscewqqcmyqe2zuzfce6setvckhbxduswtxf6ctew7e54ja",
            "time_created": "2021-08-08 21:09:30.774 +0000 UTC",
            "timeouts": null
          },
          "sensitive_attributes": [],
          "private": "eyJlMmJmYjczMC1lY2FhLTExZTYtOGY4OC0zNDM2M2JjN2M0YzAiOnsiY3JlYXRlIjoxMjAwMDAwMDAwMDAwLCJkZWxldGUiOjEyMDAwMDAwMDAwMDAsInVwZGF0ZSI6MTIwMDAwMDAwMDAwMH19",
          "dependencies": [
            "oci_core_subnet.test_subnet",
            "oci_core_vcn.test_vcn",
            "oci_identity_tag.tag2",
            "oci_identity_tag_namespace.tag-namespace1",
            "data.oci_core_volume_backup_policies.test_predefined_volume_backup_policies",
            "data.oci_identity_availability_domain.ad",
            "oci_core_instance.test_instance"
          ]
        },
        {
          "index_key": 2,
          "schema_version": 0,
          "attributes": {
            "asset_id": "ocid1.bootvolume.oc1.phx.abyhqljr3llnz75tcgi4is37lrkkhnyugve74u3pdxhgugw6endpt476ztda",
            "id": "ocid1.volumebackuppolicyassign.oc1.phx.abyhqljr7lvpwobvpbg5muqxdzojlu2ajicptybfk2l2jzz7k5ar5pummxeq",
            "policy_id": "ocid1.volumebackuppolicy.oc1..aaaaaaaa7hwv7iscewqqcmyqe2zuzfce6setvckhbxduswtxf6ctew7e54ja",
            "time_created": "2021-08-08 21:09:30.247 +0000 UTC",
            "timeouts": null
          },
          "sensitive_attributes": [],
          "private": "eyJlMmJmYjczMC1lY2FhLTExZTYtOGY4OC0zNDM2M2JjN2M0YzAiOnsiY3JlYXRlIjoxMjAwMDAwMDAwMDAwLCJkZWxldGUiOjEyMDAwMDAwMDAwMDAsInVwZGF0ZSI6MTIwMDAwMDAwMDAwMH19",
          "dependencies": [
            "oci_identity_tag.tag2",
            "oci_identity_tag_namespace.tag-namespace1",
            "data.oci_core_volume_backup_policies.test_predefined_volume_backup_policies",
            "data.oci_identity_availability_domain.ad",
            "oci_core_instance.test_instance",
            "oci_core_subnet.test_subnet",
            "oci_core_vcn.test_vcn"
          ]
        }
      ]
    },
    {
      "mode": "managed",
      "type": "oci_identity_tag",
      "name": "tag1",
      "provider": "provider[\"registry.terraform.io/hashicorp/oci\"]",
      "instances": [
        {
          "schema_version": 0,
          "attributes": {
            "defined_tags": {
              "Oracle-Tag.CreatedBy": "rik.kisnah@oracle.com",
              "Oracle-Tag.CreatedOn": "2021-08-08T20:52:01.976Z"
            },
            "description": "tf example tag",
            "freeform_tags": {},
            "id": "ocid1.tagdefinition.oc1..aaaaaaaaztfgsoq6avkggft26hsmnrddm6jzfueevjebvc6dapgkeupzsxxq",
            "is_cost_tracking": false,
            "is_retired": false,
            "name": "tf-example-tag",
            "state": "ACTIVE",
            "tag_namespace_id": "ocid1.tagnamespace.oc1..aaaaaaaa4br3wm3n3wffz4q25wubm3u6yn6txmz6yxa6m4aqhaw7r4evd4wq",
            "time_created": "2021-08-08 20:52:02.192 +0000 UTC",
            "timeouts": null,
            "validator": []
          },
          "sensitive_attributes": [],
          "private": "eyJlMmJmYjczMC1lY2FhLTExZTYtOGY4OC0zNDM2M2JjN2M0YzAiOnsiY3JlYXRlIjo5MDAwMDAwMDAwMDAsImRlbGV0ZSI6NDMyMDAwMDAwMDAwMDAsInVwZGF0ZSI6OTAwMDAwMDAwMDAwfX0=",
          "dependencies": [
            "oci_identity_tag_namespace.tag-namespace1"
          ]
        }
      ]
    },
    {
      "mode": "managed",
      "type": "oci_identity_tag",
      "name": "tag2",
      "provider": "provider[\"registry.terraform.io/hashicorp/oci\"]",
      "instances": [
        {
          "schema_version": 0,
          "attributes": {
            "defined_tags": {
              "Oracle-Tag.CreatedBy": "rik.kisnah@oracle.com",
              "Oracle-Tag.CreatedOn": "2021-08-08T20:52:03.186Z"
            },
            "description": "tf example tag 2",
            "freeform_tags": {},
            "id": "ocid1.tagdefinition.oc1..aaaaaaaa3nkt443kp7ygudymf6ht6dibjwhyehdlrpmygfatfw3asuhmlqdq",
            "is_cost_tracking": false,
            "is_retired": false,
            "name": "tf-example-tag-2",
            "state": "ACTIVE",
            "tag_namespace_id": "ocid1.tagnamespace.oc1..aaaaaaaa4br3wm3n3wffz4q25wubm3u6yn6txmz6yxa6m4aqhaw7r4evd4wq",
            "time_created": "2021-08-08 20:52:03.41 +0000 UTC",
            "timeouts": null,
            "validator": []
          },
          "sensitive_attributes": [],
          "private": "eyJlMmJmYjczMC1lY2FhLTExZTYtOGY4OC0zNDM2M2JjN2M0YzAiOnsiY3JlYXRlIjo5MDAwMDAwMDAwMDAsImRlbGV0ZSI6NDMyMDAwMDAwMDAwMDAsInVwZGF0ZSI6OTAwMDAwMDAwMDAwfX0=",
          "dependencies": [
            "oci_identity_tag_namespace.tag-namespace1"
          ]
        }
      ]
    },
    {
      "mode": "managed",
      "type": "oci_identity_tag_namespace",
      "name": "tag-namespace1",
      "provider": "provider[\"registry.terraform.io/hashicorp/oci\"]",
      "instances": [
        {
          "schema_version": 0,
          "attributes": {
            "compartment_id": "ocid1.tenancy.oc1..aaaaaaaax3q5jcmovrv7qxbops55wzrjeutinobtayaykdasoygtnpko7buq",
            "defined_tags": {
              "Oracle-Tag.CreatedBy": "rik.kisnah@oracle.com",
              "Oracle-Tag.CreatedOn": "2021-08-08T20:51:57.409Z"
            },
            "description": "Just a test",
            "freeform_tags": {},
            "id": "ocid1.tagnamespace.oc1..aaaaaaaa4br3wm3n3wffz4q25wubm3u6yn6txmz6yxa6m4aqhaw7r4evd4wq",
            "is_retired": false,
            "name": "testexamples-tag-namespace",
            "state": "ACTIVE",
            "time_created": "2021-08-08 20:51:57.614 +0000 UTC",
            "timeouts": null
          },
          "sensitive_attributes": [],
          "private": "eyJlMmJmYjczMC1lY2FhLTExZTYtOGY4OC0zNDM2M2JjN2M0YzAiOnsiY3JlYXRlIjoxMjAwMDAwMDAwMDAwLCJkZWxldGUiOjEyMDAwMDAwMDAwMDAsInVwZGF0ZSI6MTIwMDAwMDAwMDAwMH19"
        }
      ]
    }
  ]
}
